
Microsoft Visual Studio Solution File, Format Version 12.00
# Visual Studio 15
VisualStudioVersion = 15.0.28307.489
MinimumVisualStudioVersion = 10.0.40219.1
Project("{FAE04EC0-301F-11D3-BF4B-00C04F79EFBC}") = "LayoutContainer.Android", "LayoutContainer\LayoutContainer.Android\LayoutContainer.Android.csproj", "{5291FEF3-FDA5-4A41-8A9B-156CAFF98F64}"
EndProject
Project("{FAE04EC0-301F-11D3-BF4B-00C04F79EFBC}") = "LayoutContainer.iOS", "LayoutContainer\LayoutContainer.iOS\LayoutContainer.iOS.csproj", "{60AFBA06-5A88-4BD0-A4BE-4E1D3076D46D}"
EndProject
Project("{FAE04EC0-301F-11D3-BF4B-00C04F79EFBC}") = "LayoutContainer.UWP", "LayoutContainer\LayoutContainer.UWP\LayoutContainer.UWP.csproj", "{1997E56D-7324-4B7A-8C65-D982473BF6C8}"
EndProject
Project("{FAE04EC0-301F-11D3-BF4B-00C04F79EFBC}") = "LayoutContainer", "LayoutContainer\LayoutContainer\LayoutContainer.csproj", "{C54FAAFC-7C4A-4FF0-8EE0-57BA0D7D9D02}"
EndProject
Global
	GlobalSection(SolutionConfigurationPlatforms) = preSolution
		Ad-Hoc|Any CPU = Ad-Hoc|Any CPU
		Ad-Hoc|ARM = Ad-Hoc|ARM
		Ad-Hoc|iPhone = Ad-Hoc|iPhone
		Ad-Hoc|iPhoneSimulator = Ad-Hoc|iPhoneSimulator
		Ad-Hoc|x64 = Ad-Hoc|x64
		Ad-Hoc|x86 = Ad-Hoc|x86
		AppStore|Any CPU = AppStore|Any CPU
		AppStore|ARM = AppStore|ARM
		AppStore|iPhone = AppStore|iPhone
		AppStore|iPhoneSimulator = AppStore|iPhoneSimulator
		AppStore|x64 = AppStore|x64
		AppStore|x86 = AppStore|x86
		Debug|Any CPU = Debug|Any CPU
		Debug|ARM = Debug|ARM
		Debug|iPhone = Debug|iPhone
		Debug|iPhoneSimulator = Debug|iPhoneSimulator
		Debug|x64 = Debug|x64
		Debug|x86 = Debug|x86
		Release|Any CPU = Release|Any CPU
		Release|ARM = Release|ARM
		Release|iPhone = Release|iPhone
		Release|iPhoneSimulator = Release|iPhoneSimulator
		Release|x64 = Release|x64
		Release|x86 = Release|x86
	EndGlobalSection
	GlobalSection(ProjectConfigurationPlatforms) = postSolution
		{5291FEF3-FDA5-4A41-8A9B-156CAFF98F64}.Ad-Hoc|Any CPU.ActiveCfg = Release|Any CPU
		{5291FEF3-FDA5-4A41-8A9B-156CAFF98F64}.Ad-Hoc|Any CPU.Build.0 = Release|Any CPU
		{5291FEF3-FDA5-4A41-8A9B-156CAFF98F64}.Ad-Hoc|Any CPU.Deploy.0 = Release|Any CPU
		{5291FEF3-FDA5-4A41-8A9B-156CAFF98F64}.Ad-Hoc|ARM.ActiveCfg = Release|Any CPU
		{5291FEF3-FDA5-4A41-8A9B-156CAFF98F64}.Ad-Hoc|ARM.Build.0 = Release|Any CPU
		{5291FEF3-FDA5-4A41-8A9B-156CAFF98F64}.Ad-Hoc|ARM.Deploy.0 = Release|Any CPU
		{5291FEF3-FDA5-4A41-8A9B-156CAFF98F64}.Ad-Hoc|iPhone.ActiveCfg = Release|Any CPU
		{5291FEF3-FDA5-4A41-8A9B-156CAFF98F64}.Ad-Hoc|iPhone.Build.0 = Release|Any CPU
		{5291FEF3-FDA5-4A41-8A9B-156CAFF98F64}.Ad-Hoc|iPhone.Deploy.0 = Release|Any CPU
		{5291FEF3-FDA5-4A41-8A9B-156CAFF98F64}.Ad-Hoc|iPhoneSimulator.ActiveCfg = Release|Any CPU
		{5291FEF3-FDA5-4A41-8A9B-156CAFF98F64}.Ad-Hoc|iPhoneSimulator.Build.0 = Release|Any CPU
		{5291FEF3-FDA5-4A41-8A9B-156CAFF98F64}.Ad-Hoc|iPhoneSimulator.Deploy.0 = Release|Any CPU
		{5291FEF3-FDA5-4A41-8A9B-156CAFF98F64}.Ad-Hoc|x64.ActiveCfg = Release|Any CPU
		{5291FEF3-FDA5-4A41-8A9B-156CAFF98F64}.Ad-Hoc|x64.Build.0 = Release|Any CPU
		{5291FEF3-FDA5-4A41-8A9B-156CAFF98F64}.Ad-Hoc|x64.Deploy.0 = Release|Any CPU
		{5291FEF3-FDA5-4A41-8A9B-156CAFF98F64}.Ad-Hoc|x86.ActiveCfg = Release|Any CPU
		{5291FEF3-FDA5-4A41-8A9B-156CAFF98F64}.Ad-Hoc|x86.Build.0 = Release|Any CPU
		{5291FEF3-FDA5-4A41-8A9B-156CAFF98F64}.Ad-Hoc|x86.Deploy.0 = Release|Any CPU
		{5291FEF3-FDA5-4A41-8A9B-156CAFF98F64}.AppStore|Any CPU.ActiveCfg = Release|Any CPU
		{5291FEF3-FDA5-4A41-8A9B-156CAFF98F64}.AppStore|Any CPU.Build.0 = Release|Any CPU
		{5291FEF3-FDA5-4A41-8A9B-156CAFF98F64}.AppStore|Any CPU.Deploy.0 = Release|Any CPU
		{5291FEF3-FDA5-4A41-8A9B-156CAFF98F64}.AppStore|ARM.ActiveCfg = Release|Any CPU
		{5291FEF3-FDA5-4A41-8A9B-156CAFF98F64}.AppStore|ARM.Build.0 = Release|Any CPU
		{5291FEF3-FDA5-4A41-8A9B-156CAFF98F64}.AppStore|ARM.Deploy.0 = Release|Any CPU
		{5291FEF3-FDA5-4A41-8A9B-156CAFF98F64}.AppStore|iPhone.ActiveCfg = Release|Any CPU
		{5291FEF3-FDA5-4A41-8A9B-156CAFF98F64}.AppStore|iPhone.Build.0 = Release|Any CPU
		{5291FEF3-FDA5-4A41-8A9B-156CAFF98F64}.AppStore|iPhone.Deploy.0 = Release|Any CPU
		{5291FEF3-FDA5-4A41-8A9B-156CAFF98F64}.AppStore|iPhoneSimulator.ActiveCfg = Release|Any CPU
		{5291FEF3-FDA5-4A41-8A9B-156CAFF98F64}.AppStore|iPhoneSimulator.Build.0 = Release|Any CPU
		{5291FEF3-FDA5-4A41-8A9B-156CAFF98F64}.AppStore|iPhoneSimulator.Deploy.0 = Release|Any CPU
		{5291FEF3-FDA5-4A41-8A9B-156CAFF98F64}.AppStore|x64.ActiveCfg = Release|Any CPU
		{5291FEF3-FDA5-4A41-8A9B-156CAFF98F64}.AppStore|x64.Build.0 = Release|Any CPU
		{5291FEF3-FDA5-4A41-8A9B-156CAFF98F64}.AppStore|x64.Deploy.0 = Release|Any CPU
		{5291FEF3-FDA5-4A41-8A9B-156CAFF98F64}.AppStore|x86.ActiveCfg = Release|Any CPU
		{5291FEF3-FDA5-4A41-8A9B-156CAFF98F64}.AppStore|x86.Build.0 = Release|Any CPU
		{5291FEF3-FDA5-4A41-8A9B-156CAFF98F64}.AppStore|x86.Deploy.0 = Release|Any CPU
		{5291FEF3-FDA5-4A41-8A9B-156CAFF98F64}.Debug|Any CPU.ActiveCfg = Debug|Any CPU
		{5291FEF3-FDA5-4A41-8A9B-156CAFF98F64}.Debug|Any CPU.Build.0 = Debug|Any CPU
		{5291FEF3-FDA5-4A41-8A9B-156CAFF98F64}.Debug|Any CPU.Deploy.0 = Debug|Any CPU
		{5291FEF3-FDA5-4A41-8A9B-156CAFF98F64}.Debug|ARM.ActiveCfg = Debug|Any CPU
		{5291FEF3-FDA5-4A41-8A9B-156CAFF98F64}.Debug|ARM.Build.0 = Debug|Any CPU
		{5291FEF3-FDA5-4A41-8A9B-156CAFF98F64}.Debug|ARM.Deploy.0 = Debug|Any CPU
		{5291FEF3-FDA5-4A41-8A9B-156CAFF98F64}.Debug|iPhone.ActiveCfg = Debug|Any CPU
		{5291FEF3-FDA5-4A41-8A9B-156CAFF98F64}.Debug|iPhone.Build.0 = Debug|Any CPU
		{5291FEF3-FDA5-4A41-8A9B-156CAFF98F64}.Debug|iPhone.Deploy.0 = Debug|Any CPU
		{5291FEF3-FDA5-4A41-8A9B-156CAFF98F64}.Debug|iPhoneSimulator.ActiveCfg = Debug|Any CPU
		{5291FEF3-FDA5-4A41-8A9B-156CAFF98F64}.Debug|iPhoneSimulator.Build.0 = Debug|Any CPU
		{5291FEF3-FDA5-4A41-8A9B-156CAFF98F64}.Debug|iPhoneSimulator.Deploy.0 = Debug|Any CPU
		{5291FEF3-FDA5-4A41-8A9B-156CAFF98F64}.Debug|x64.ActiveCfg = Debug|Any CPU
		{5291FEF3-FDA5-4A41-8A9B-156CAFF98F64}.Debug|x64.Build.0 = Debug|Any CPU
		{5291FEF3-FDA5-4A41-8A9B-156CAFF98F64}.Debug|x64.Deploy.0 = Debug|Any CPU
		{5291FEF3-FDA5-4A41-8A9B-156CAFF98F64}.Debug|x86.ActiveCfg = Debug|Any CPU
		{5291FEF3-FDA5-4A41-8A9B-156CAFF98F64}.Debug|x86.Build.0 = Debug|Any CPU
		{5291FEF3-FDA5-4A41-8A9B-156CAFF98F64}.Debug|x86.Deploy.0 = Debug|Any CPU
		{5291FEF3-FDA5-4A41-8A9B-156CAFF98F64}.Release|Any CPU.ActiveCfg = Release|Any CPU
		{5291FEF3-FDA5-4A41-8A9B-156CAFF98F64}.Release|Any CPU.Build.0 = Release|Any CPU
		{5291FEF3-FDA5-4A41-8A9B-156CAFF98F64}.Release|Any CPU.Deploy.0 = Release|Any CPU
		{5291FEF3-FDA5-4A41-8A9B-156CAFF98F64}.Release|ARM.ActiveCfg = Release|Any CPU
		{5291FEF3-FDA5-4A41-8A9B-156CAFF98F64}.Release|ARM.Build.0 = Release|Any CPU
		{5291FEF3-FDA5-4A41-8A9B-156CAFF98F64}.Release|ARM.Deploy.0 = Release|Any CPU
		{5291FEF3-FDA5-4A41-8A9B-156CAFF98F64}.Release|iPhone.ActiveCfg = Release|Any CPU
		{5291FEF3-FDA5-4A41-8A9B-156CAFF98F64}.Release|iPhone.Build.0 = Release|Any CPU
		{5291FEF3-FDA5-4A41-8A9B-156CAFF98F64}.Release|iPhone.Deploy.0 = Release|Any CPU
		{5291FEF3-FDA5-4A41-8A9B-156CAFF98F64}.Release|iPhoneSimulator.ActiveCfg = Release|Any CPU
		{5291FEF3-FDA5-4A41-8A9B-156CAFF98F64}.Release|iPhoneSimulator.Build.0 = Release|Any CPU
		{5291FEF3-FDA5-4A41-8A9B-156CAFF98F64}.Release|iPhoneSimulator.Deploy.0 = Release|Any CPU
		{5291FEF3-FDA5-4A41-8A9B-156CAFF98F64}.Release|x64.ActiveCfg = Release|Any CPU
		{5291FEF3-FDA5-4A41-8A9B-156CAFF98F64}.Release|x64.Build.0 = Release|Any CPU
		{5291FEF3-FDA5-4A41-8A9B-156CAFF98F64}.Release|x64.Deploy.0 = Release|Any CPU
		{5291FEF3-FDA5-4A41-8A9B-156CAFF98F64}.Release|x86.ActiveCfg = Release|Any CPU
		{5291FEF3-FDA5-4A41-8A9B-156CAFF98F64}.Release|x86.Build.0 = Release|Any CPU
		{5291FEF3-FDA5-4A41-8A9B-156CAFF98F64}.Release|x86.Deploy.0 = Release|Any CPU
		{60AFBA06-5A88-4BD0-A4BE-4E1D3076D46D}.Ad-Hoc|Any CPU.ActiveCfg = Ad-Hoc|iPhone
		{60AFBA06-5A88-4BD0-A4BE-4E1D3076D46D}.Ad-Hoc|Any CPU.Build.0 = Ad-Hoc|iPhone
		{60AFBA06-5A88-4BD0-A4BE-4E1D3076D46D}.Ad-Hoc|Any CPU.Deploy.0 = Ad-Hoc|iPhone
		{60AFBA06-5A88-4BD0-A4BE-4E1D3076D46D}.Ad-Hoc|ARM.ActiveCfg = Ad-Hoc|iPhone
		{60AFBA06-5A88-4BD0-A4BE-4E1D3076D46D}.Ad-Hoc|ARM.Build.0 = Ad-Hoc|iPhone
		{60AFBA06-5A88-4BD0-A4BE-4E1D3076D46D}.Ad-Hoc|ARM.Deploy.0 = Ad-Hoc|iPhone
		{60AFBA06-5A88-4BD0-A4BE-4E1D3076D46D}.Ad-Hoc|iPhone.ActiveCfg = Ad-Hoc|iPhone
		{60AFBA06-5A88-4BD0-A4BE-4E1D3076D46D}.Ad-Hoc|iPhone.Build.0 = Ad-Hoc|iPhone
		{60AFBA06-5A88-4BD0-A4BE-4E1D3076D46D}.Ad-Hoc|iPhone.Deploy.0 = Ad-Hoc|iPhone
		{60AFBA06-5A88-4BD0-A4BE-4E1D3076D46D}.Ad-Hoc|iPhoneSimulator.ActiveCfg = Ad-Hoc|iPhoneSimulator
		{60AFBA06-5A88-4BD0-A4BE-4E1D3076D46D}.Ad-Hoc|iPhoneSimulator.Build.0 = Ad-Hoc|iPhoneSimulator
		{60AFBA06-5A88-4BD0-A4BE-4E1D3076D46D}.Ad-Hoc|iPhoneSimulator.Deploy.0 = Ad-Hoc|iPhoneSimulator
		{60AFBA06-5A88-4BD0-A4BE-4E1D3076D46D}.Ad-Hoc|x64.ActiveCfg = Ad-Hoc|iPhone
		{60AFBA06-5A88-4BD0-A4BE-4E1D3076D46D}.Ad-Hoc|x64.Build.0 = Ad-Hoc|iPhone
		{60AFBA06-5A88-4BD0-A4BE-4E1D3076D46D}.Ad-Hoc|x64.Deploy.0 = Ad-Hoc|iPhone
		{60AFBA06-5A88-4BD0-A4BE-4E1D3076D46D}.Ad-Hoc|x86.ActiveCfg = Ad-Hoc|iPhone
		{60AFBA06-5A88-4BD0-A4BE-4E1D3076D46D}.Ad-Hoc|x86.Build.0 = Ad-Hoc|iPhone
		{60AFBA06-5A88-4BD0-A4BE-4E1D3076D46D}.Ad-Hoc|x86.Deploy.0 = Ad-Hoc|iPhone
		{60AFBA06-5A88-4BD0-A4BE-4E1D3076D46D}.AppStore|Any CPU.ActiveCfg = AppStore|iPhone
		{60AFBA06-5A88-4BD0-A4BE-4E1D3076D46D}.AppStore|Any CPU.Build.0 = AppStore|iPhone
		{60AFBA06-5A88-4BD0-A4BE-4E1D3076D46D}.AppStore|Any CPU.Deploy.0 = AppStore|iPhone
		{60AFBA06-5A88-4BD0-A4BE-4E1D3076D46D}.AppStore|ARM.ActiveCfg = AppStore|iPhone
		{60AFBA06-5A88-4BD0-A4BE-4E1D3076D46D}.AppStore|ARM.Build.0 = AppStore|iPhone
		{60AFBA06-5A88-4BD0-A4BE-4E1D3076D46D}.AppStore|ARM.Deploy.0 = AppStore|iPhone
		{60AFBA06-5A88-4BD0-A4BE-4E1D3076D46D}.AppStore|iPhone.ActiveCfg = AppStore|iPhone
		{60AFBA06-5A88-4BD0-A4BE-4E1D3076D46D}.AppStore|iPhone.Build.0 = AppStore|iPhone
		{60AFBA06-5A88-4BD0-A4BE-4E1D3076D46D}.AppStore|iPhone.Deploy.0 = AppStore|iPhone
		{60AFBA06-5A88-4BD0-A4BE-4E1D3076D46D}.AppStore|iPhoneSimulator.ActiveCfg = AppStore|iPhoneSimulator
		{60AFBA06-5A88-4BD0-A4BE-4E1D3076D46D}.AppStore|iPhoneSimulator.Build.0 = AppStore|iPhoneSimulator
		{60AFBA06-5A88-4BD0-A4BE-4E1D3076D46D}.AppStore|iPhoneSimulator.Deploy.0 = AppStore|iPhoneSimulator
		{60AFBA06-5A88-4BD0-A4BE-4E1D3076D46D}.AppStore|x64.ActiveCfg = AppStore|iPhone
		{60AFBA06-5A88-4BD0-A4BE-4E1D3076D46D}.AppStore|x64.Build.0 = AppStore|iPhone
		{60AFBA06-5A88-4BD0-A4BE-4E1D3076D46D}.AppStore|x64.Deploy.0 = AppStore|iPhone
		{60AFBA06-5A88-4BD0-A4BE-4E1D3076D46D}.AppStore|x86.ActiveCfg = AppStore|iPhone
		{60AFBA06-5A88-4BD0-A4BE-4E1D3076D46D}.AppStore|x86.Build.0 = AppStore|iPhone
		{60AFBA06-5A88-4BD0-A4BE-4E1D3076D46D}.AppStore|x86.Deploy.0 = AppStore|iPhone
		{60AFBA06-5A88-4BD0-A4BE-4E1D3076D46D}.Debug|Any CPU.ActiveCfg = Debug|iPhoneSimulator
		{60AFBA06-5A88-4BD0-A4BE-4E1D3076D46D}.Debug|Any CPU.Build.0 = Debug|iPhoneSimulator
		{60AFBA06-5A88-4BD0-A4BE-4E1D3076D46D}.Debug|Any CPU.Deploy.0 = Debug|iPhoneSimulator
		{60AFBA06-5A88-4BD0-A4BE-4E1D3076D46D}.Debug|ARM.ActiveCfg = Debug|iPhone
		{60AFBA06-5A88-4BD0-A4BE-4E1D3076D46D}.Debug|ARM.Build.0 = Debug|iPhone
		{60AFBA06-5A88-4BD0-A4BE-4E1D3076D46D}.Debug|ARM.Deploy.0 = Debug|iPhone
		{60AFBA06-5A88-4BD0-A4BE-4E1D3076D46D}.Debug|iPhone.ActiveCfg = Debug|iPhone
		{60AFBA06-5A88-4BD0-A4BE-4E1D3076D46D}.Debug|iPhone.Build.0 = Debug|iPhone
		{60AFBA06-5A88-4BD0-A4BE-4E1D3076D46D}.Debug|iPhone.Deploy.0 = Debug|iPhone
		{60AFBA06-5A88-4BD0-A4BE-4E1D3076D46D}.Debug|iPhoneSimulator.ActiveCfg = Debug|iPhoneSimulator
		{60AFBA06-5A88-4BD0-A4BE-4E1D3076D46D}.Debug|iPhoneSimulator.Build.0 = Debug|iPhoneSimulator
		{60AFBA06-5A88-4BD0-A4BE-4E1D3076D46D}.Debug|iPhoneSimulator.Deploy.0 = Debug|iPhoneSimulator
		{60AFBA06-5A88-4BD0-A4BE-4E1D3076D46D}.Debug|x64.ActiveCfg = Debug|iPhone
		{60AFBA06-5A88-4BD0-A4BE-4E1D3076D46D}.Debug|x64.Build.0 = Debug|iPhone
		{60AFBA06-5A88-4BD0-A4BE-4E1D3076D46D}.Debug|x64.Deploy.0 = Debug|iPhone
		{60AFBA06-5A88-4BD0-A4BE-4E1D3076D46D}.Debug|x86.ActiveCfg = Debug|iPhone
		{60AFBA06-5A88-4BD0-A4BE-4E1D3076D46D}.Debug|x86.Build.0 = Debug|iPhone
		{60AFBA06-5A88-4BD0-A4BE-4E1D3076D46D}.Debug|x86.Deploy.0 = Debug|iPhone
		{60AFBA06-5A88-4BD0-A4BE-4E1D3076D46D}.Release|Any CPU.ActiveCfg = Release|iPhone
		{60AFBA06-5A88-4BD0-A4BE-4E1D3076D46D}.Release|Any CPU.Build.0 = Release|iPhone
		{60AFBA06-5A88-4BD0-A4BE-4E1D3076D46D}.Release|Any CPU.Deploy.0 = Release|iPhone
		{60AFBA06-5A88-4BD0-A4BE-4E1D3076D46D}.Release|ARM.ActiveCfg = Release|iPhone
		{60AFBA06-5A88-4BD0-A4BE-4E1D3076D46D}.Release|ARM.Build.0 = Release|iPhone
		{60AFBA06-5A88-4BD0-A4BE-4E1D3076D46D}.Release|ARM.Deploy.0 = Release|iPhone
		{60AFBA06-5A88-4BD0-A4BE-4E1D3076D46D}.Release|iPhone.ActiveCfg = Release|iPhone
		{60AFBA06-5A88-4BD0-A4BE-4E1D3076D46D}.Release|iPhone.Build.0 = Release|iPhone
		{60AFBA06-5A88-4BD0-A4BE-4E1D3076D46D}.Release|iPhone.Deploy.0 = Release|iPhone
		{60AFBA06-5A88-4BD0-A4BE-4E1D3076D46D}.Release|iPhoneSimulator.ActiveCfg = Release|iPhoneSimulator
		{60AFBA06-5A88-4BD0-A4BE-4E1D3076D46D}.Release|iPhoneSimulator.Build.0 = Release|iPhoneSimulator
		{60AFBA06-5A88-4BD0-A4BE-4E1D3076D46D}.Release|iPhoneSimulator.Deploy.0 = Release|iPhoneSimulator
		{60AFBA06-5A88-4BD0-A4BE-4E1D3076D46D}.Release|x64.ActiveCfg = Release|iPhone
		{60AFBA06-5A88-4BD0-A4BE-4E1D3076D46D}.Release|x64.Build.0 = Release|iPhone
		{60AFBA06-5A88-4BD0-A4BE-4E1D3076D46D}.Release|x64.Deploy.0 = Release|iPhone
		{60AFBA06-5A88-4BD0-A4BE-4E1D3076D46D}.Release|x86.ActiveCfg = Release|iPhone
		{60AFBA06-5A88-4BD0-A4BE-4E1D3076D46D}.Release|x86.Build.0 = Release|iPhone
		{60AFBA06-5A88-4BD0-A4BE-4E1D3076D46D}.Release|x86.Deploy.0 = Release|iPhone
		{1997E56D-7324-4B7A-8C65-D982473BF6C8}.Ad-Hoc|Any CPU.ActiveCfg = Release|x86
		{1997E56D-7324-4B7A-8C65-D982473BF6C8}.Ad-Hoc|Any CPU.Build.0 = Release|x86
		{1997E56D-7324-4B7A-8C65-D982473BF6C8}.Ad-Hoc|Any CPU.Deploy.0 = Release|x86
		{1997E56D-7324-4B7A-8C65-D982473BF6C8}.Ad-Hoc|ARM.ActiveCfg = Release|ARM
		{1997E56D-7324-4B7A-8C65-D982473BF6C8}.Ad-Hoc|ARM.Build.0 = Release|ARM
		{1997E56D-7324-4B7A-8C65-D982473BF6C8}.Ad-Hoc|ARM.Deploy.0 = Release|ARM
		{1997E56D-7324-4B7A-8C65-D982473BF6C8}.Ad-Hoc|iPhone.ActiveCfg = Release|x86
		{1997E56D-7324-4B7A-8C65-D982473BF6C8}.Ad-Hoc|iPhone.Build.0 = Release|x86
		{1997E56D-7324-4B7A-8C65-D982473BF6C8}.Ad-Hoc|iPhone.Deploy.0 = Release|x86
		{1997E56D-7324-4B7A-8C65-D982473BF6C8}.Ad-Hoc|iPhoneSimulator.ActiveCfg = Release|x86
		{1997E56D-7324-4B7A-8C65-D982473BF6C8}.Ad-Hoc|iPhoneSimulator.Build.0 = Release|x86
		{1997E56D-7324-4B7A-8C65-D982473BF6C8}.Ad-Hoc|iPhoneSimulator.Deploy.0 = Release|x86
		{1997E56D-7324-4B7A-8C65-D982473BF6C8}.Ad-Hoc|x64.ActiveCfg = Release|x64
		{1997E56D-7324-4B7A-8C65-D982473BF6C8}.Ad-Hoc|x64.Build.0 = Release|x64
		{1997E56D-7324-4B7A-8C65-D982473BF6C8}.Ad-Hoc|x64.Deploy.0 = Release|x64
		{1997E56D-7324-4B7A-8C65-D982473BF6C8}.Ad-Hoc|x86.ActiveCfg = Release|x86
		{1997E56D-7324-4B7A-8C65-D982473BF6C8}.Ad-Hoc|x86.Build.0 = Release|x86
		{1997E56D-7324-4B7A-8C65-D982473BF6C8}.Ad-Hoc|x86.Deploy.0 = Release|x86
		{1997E56D-7324-4B7A-8C65-D982473BF6C8}.AppStore|Any CPU.ActiveCfg = Release|x86
		{1997E56D-7324-4B7A-8C65-D982473BF6C8}.AppStore|Any CPU.Build.0 = Release|x86
		{1997E56D-7324-4B7A-8C65-D982473BF6C8}.AppStore|Any CPU.Deploy.0 = Release|x86
		{1997E56D-7324-4B7A-8C65-D982473BF6C8}.AppStore|ARM.ActiveCfg = Release|ARM
		{1997E56D-7324-4B7A-8C65-D982473BF6C8}.AppStore|ARM.Build.0 = Release|ARM
		{1997E56D-7324-4B7A-8C65-D982473BF6C8}.AppStore|ARM.Deploy.0 = Release|ARM
		{1997E56D-7324-4B7A-8C65-D982473BF6C8}.AppStore|iPhone.ActiveCfg = Release|x86
		{1997E56D-7324-4B7A-8C65-D982473BF6C8}.AppStore|iPhone.Build.0 = Release|x86
		{1997E56D-7324-4B7A-8C65-D982473BF6C8}.AppStore|iPhone.Deploy.0 = Release|x86
		{1997E56D-7324-4B7A-8C65-D982473BF6C8}.AppStore|iPhoneSimulator.ActiveCfg = Release|x86
		{1997E56D-7324-4B7A-8C65-D982473BF6C8}.AppStore|iPhoneSimulator.Build.0 = Release|x86
		{1997E56D-7324-4B7A-8C65-D982473BF6C8}.AppStore|iPhoneSimulator.Deploy.0 = Release|x86
		{1997E56D-7324-4B7A-8C65-D982473BF6C8}.AppStore|x64.ActiveCfg = Release|x64
		{1997E56D-7324-4B7A-8C65-D982473BF6C8}.AppStore|x64.Build.0 = Release|x64
		{1997E56D-7324-4B7A-8C65-D982473BF6C8}.AppStore|x64.Deploy.0 = Release|x64
		{1997E56D-7324-4B7A-8C65-D982473BF6C8}.AppStore|x86.ActiveCfg = Release|x86
		{1997E56D-7324-4B7A-8C65-D982473BF6C8}.AppStore|x86.Build.0 = Release|x86
		{1997E56D-7324-4B7A-8C65-D982473BF6C8}.AppStore|x86.Deploy.0 = Release|x86
		{1997E56D-7324-4B7A-8C65-D982473BF6C8}.Debug|Any CPU.ActiveCfg = Debug|x86
		{1997E56D-7324-4B7A-8C65-D982473BF6C8}.Debug|Any CPU.Build.0 = Debug|x86
		{1997E56D-7324-4B7A-8C65-D982473BF6C8}.Debug|Any CPU.Deploy.0 = Debug|x86
		{1997E56D-7324-4B7A-8C65-D982473BF6C8}.Debug|ARM.ActiveCfg = Debug|ARM
		{1997E56D-7324-4B7A-8C65-D982473BF6C8}.Debug|ARM.Build.0 = Debug|ARM
		{1997E56D-7324-4B7A-8C65-D982473BF6C8}.Debug|ARM.Deploy.0 = Debug|ARM
		{1997E56D-7324-4B7A-8C65-D982473BF6C8}.Debug|iPhone.ActiveCfg = Debug|x86
		{1997E56D-7324-4B7A-8C65-D982473BF6C8}.Debug|iPhone.Build.0 = Debug|x86
		{1997E56D-7324-4B7A-8C65-D982473BF6C8}.Debug|iPhone.Deploy.0 = Debug|x86
		{1997E56D-7324-4B7A-8C65-D982473BF6C8}.Debug|iPhoneSimulator.ActiveCfg = Debug|x86
		{1997E56D-7324-4B7A-8C65-D982473BF6C8}.Debug|iPhoneSimulator.Build.0 = Debug|x86
		{1997E56D-7324-4B7A-8C65-D982473BF6C8}.Debug|iPhoneSimulator.Deploy.0 = Debug|x86
		{1997E56D-7324-4B7A-8C65-D982473BF6C8}.Debug|x64.ActiveCfg = Debug|x64
		{1997E56D-7324-4B7A-8C65-D982473BF6C8}.Debug|x64.Build.0 = Debug|x64
		{1997E56D-7324-4B7A-8C65-D982473BF6C8}.Debug|x64.Deploy.0 = Debug|x64
		{1997E56D-7324-4B7A-8C65-D982473BF6C8}.Debug|x86.ActiveCfg = Debug|x86
		{1997E56D-7324-4B7A-8C65-D982473BF6C8}.Debug|x86.Build.0 = Debug|x86
		{1997E56D-7324-4B7A-8C65-D982473BF6C8}.Debug|x86.Deploy.0 = Debug|x86
		{1997E56D-7324-4B7A-8C65-D982473BF6C8}.Release|Any CPU.ActiveCfg = Release|x86
		{1997E56D-7324-4B7A-8C65-D982473BF6C8}.Release|Any CPU.Build.0 = Release|x86
		{1997E56D-7324-4B7A-8C65-D982473BF6C8}.Release|Any CPU.Deploy.0 = Release|x86
		{1997E56D-7324-4B7A-8C65-D982473BF6C8}.Release|ARM.ActiveCfg = Release|ARM
		{1997E56D-7324-4B7A-8C65-D982473BF6C8}.Release|ARM.Build.0 = Release|ARM
		{1997E56D-7324-4B7A-8C65-D982473BF6C8}.Release|ARM.Deploy.0 = Release|ARM
		{1997E56D-7324-4B7A-8C65-D982473BF6C8}.Release|iPhone.ActiveCfg = Release|x86
		{1997E56D-7324-4B7A-8C65-D982473BF6C8}.Release|iPhone.Build.0 = Release|x86
		{1997E56D-7324-4B7A-8C65-D982473BF6C8}.Release|iPhone.Deploy.0 = Release|x86
		{1997E56D-7324-4B7A-8C65-D982473BF6C8}.Release|iPhoneSimulator.ActiveCfg = Release|x86
		{1997E56D-7324-4B7A-8C65-D982473BF6C8}.Release|iPhoneSimulator.Build.0 = Release|x86
		{1997E56D-7324-4B7A-8C65-D982473BF6C8}.Release|iPhoneSimulator.Deploy.0 = Release|x86
		{1997E56D-7324-4B7A-8C65-D982473BF6C8}.Release|x64.ActiveCfg = Release|x64
		{1997E56D-7324-4B7A-8C65-D982473BF6C8}.Release|x64.Build.0 = Release|x64
		{1997E56D-7324-4B7A-8C65-D982473BF6C8}.Release|x64.Deploy.0 = Release|x64
		{1997E56D-7324-4B7A-8C65-D982473BF6C8}.Release|x86.ActiveCfg = Release|x86
		{1997E56D-7324-4B7A-8C65-D982473BF6C8}.Release|x86.Build.0 = Release|x86
		{1997E56D-7324-4B7A-8C65-D982473BF6C8}.Release|x86.Deploy.0 = Release|x86
		{C54FAAFC-7C4A-4FF0-8EE0-57BA0D7D9D02}.Ad-Hoc|Any CPU.ActiveCfg = Debug|Any CPU
		{C54FAAFC-7C4A-4FF0-8EE0-57BA0D7D9D02}.Ad-Hoc|Any CPU.Build.0 = Debug|Any CPU
		{C54FAAFC-7C4A-4FF0-8EE0-57BA0D7D9D02}.Ad-Hoc|Any CPU.Deploy.0 = Debug|Any CPU
		{C54FAAFC-7C4A-4FF0-8EE0-57BA0D7D9D02}.Ad-Hoc|ARM.ActiveCfg = Debug|Any CPU
		{C54FAAFC-7C4A-4FF0-8EE0-57BA0D7D9D02}.Ad-Hoc|ARM.Build.0 = Debug|Any CPU
		{C54FAAFC-7C4A-4FF0-8EE0-57BA0D7D9D02}.Ad-Hoc|ARM.Deploy.0 = Debug|Any CPU
		{C54FAAFC-7C4A-4FF0-8EE0-57BA0D7D9D02}.Ad-Hoc|iPhone.ActiveCfg = Debug|Any CPU
		{C54FAAFC-7C4A-4FF0-8EE0-57BA0D7D9D02}.Ad-Hoc|iPhone.Build.0 = Debug|Any CPU
		{C54FAAFC-7C4A-4FF0-8EE0-57BA0D7D9D02}.Ad-Hoc|iPhone.Deploy.0 = Debug|Any CPU
		{C54FAAFC-7C4A-4FF0-8EE0-57BA0D7D9D02}.Ad-Hoc|iPhoneSimulator.ActiveCfg = Debug|Any CPU
		{C54FAAFC-7C4A-4FF0-8EE0-57BA0D7D9D02}.Ad-Hoc|iPhoneSimulator.Build.0 = Debug|Any CPU
		{C54FAAFC-7C4A-4FF0-8EE0-57BA0D7D9D02}.Ad-Hoc|iPhoneSimulator.Deploy.0 = Debug|Any CPU
		{C54FAAFC-7C4A-4FF0-8EE0-57BA0D7D9D02}.Ad-Hoc|x64.ActiveCfg = Debug|Any CPU
		{C54FAAFC-7C4A-4FF0-8EE0-57BA0D7D9D02}.Ad-Hoc|x64.Build.0 = Debug|Any CPU
		{C54FAAFC-7C4A-4FF0-8EE0-57BA0D7D9D02}.Ad-Hoc|x64.Deploy.0 = Debug|Any CPU
		{C54FAAFC-7C4A-4FF0-8EE0-57BA0D7D9D02}.Ad-Hoc|x86.ActiveCfg = Debug|Any CPU
		{C54FAAFC-7C4A-4FF0-8EE0-57BA0D7D9D02}.Ad-Hoc|x86.Build.0 = Debug|Any CPU
		{C54FAAFC-7C4A-4FF0-8EE0-57BA0D7D9D02}.Ad-Hoc|x86.Deploy.0 = Debug|Any CPU
		{C54FAAFC-7C4A-4FF0-8EE0-57BA0D7D9D02}.AppStore|Any CPU.ActiveCfg = Debug|Any CPU
		{C54FAAFC-7C4A-4FF0-8EE0-57BA0D7D9D02}.AppStore|Any CPU.Build.0 = Debug|Any CPU
		{C54FAAFC-7C4A-4FF0-8EE0-57BA0D7D9D02}.AppStore|Any CPU.Deploy.0 = Debug|Any CPU
		{C54FAAFC-7C4A-4FF0-8EE0-57BA0D7D9D02}.AppStore|ARM.ActiveCfg = Debug|Any CPU
		{C54FAAFC-7C4A-4FF0-8EE0-57BA0D7D9D02}.AppStore|ARM.Build.0 = Debug|Any CPU
		{C54FAAFC-7C4A-4FF0-8EE0-57BA0D7D9D02}.AppStore|ARM.Deploy.0 = Debug|Any CPU
		{C54FAAFC-7C4A-4FF0-8EE0-57BA0D7D9D02}.AppStore|iPhone.ActiveCfg = Debug|Any CPU
		{C54FAAFC-7C4A-4FF0-8EE0-57BA0D7D9D02}.AppStore|iPhone.Build.0 = Debug|Any CPU
		{C54FAAFC-7C4A-4FF0-8EE0-57BA0D7D9D02}.AppStore|iPhone.Deploy.0 = Debug|Any CPU
		{C54FAAFC-7C4A-4FF0-8EE0-57BA0D7D9D02}.AppStore|iPhoneSimulator.ActiveCfg = Debug|Any CPU
		{C54FAAFC-7C4A-4FF0-8EE0-57BA0D7D9D02}.AppStore|iPhoneSimulator.Build.0 = Debug|Any CPU
		{C54FAAFC-7C4A-4FF0-8EE0-57BA0D7D9D02}.AppStore|iPhoneSimulator.Deploy.0 = Debug|Any CPU
		{C54FAAFC-7C4A-4FF0-8EE0-57BA0D7D9D02}.AppStore|x64.ActiveCfg = Debug|Any CPU
		{C54FAAFC-7C4A-4FF0-8EE0-57BA0D7D9D02}.AppStore|x64.Build.0 = Debug|Any CPU
		{C54FAAFC-7C4A-4FF0-8EE0-57BA0D7D9D02}.AppStore|x64.Deploy.0 = Debug|Any CPU
		{C54FAAFC-7C4A-4FF0-8EE0-57BA0D7D9D02}.AppStore|x86.ActiveCfg = Debug|Any CPU
		{C54FAAFC-7C4A-4FF0-8EE0-57BA0D7D9D02}.AppStore|x86.Build.0 = Debug|Any CPU
		{C54FAAFC-7C4A-4FF0-8EE0-57BA0D7D9D02}.AppStore|x86.Deploy.0 = Debug|Any CPU
		{C54FAAFC-7C4A-4FF0-8EE0-57BA0D7D9D02}.Debug|Any CPU.ActiveCfg = Debug|Any CPU
		{C54FAAFC-7C4A-4FF0-8EE0-57BA0D7D9D02}.Debug|Any CPU.Build.0 = Debug|Any CPU
		{C54FAAFC-7C4A-4FF0-8EE0-57BA0D7D9D02}.Debug|Any CPU.Deploy.0 = Debug|Any CPU
		{C54FAAFC-7C4A-4FF0-8EE0-57BA0D7D9D02}.Debug|ARM.ActiveCfg = Debug|Any CPU
		{C54FAAFC-7C4A-4FF0-8EE0-57BA0D7D9D02}.Debug|ARM.Build.0 = Debug|Any CPU
		{C54FAAFC-7C4A-4FF0-8EE0-57BA0D7D9D02}.Debug|ARM.Deploy.0 = Debug|Any CPU
		{C54FAAFC-7C4A-4FF0-8EE0-57BA0D7D9D02}.Debug|iPhone.ActiveCfg = Debug|Any CPU
		{C54FAAFC-7C4A-4FF0-8EE0-57BA0D7D9D02}.Debug|iPhone.Build.0 = Debug|Any CPU
		{C54FAAFC-7C4A-4FF0-8EE0-57BA0D7D9D02}.Debug|iPhone.Deploy.0 = Debug|Any CPU
		{C54FAAFC-7C4A-4FF0-8EE0-57BA0D7D9D02}.Debug|iPhoneSimulator.ActiveCfg = Debug|Any CPU
		{C54FAAFC-7C4A-4FF0-8EE0-57BA0D7D9D02}.Debug|iPhoneSimulator.Build.0 = Debug|Any CPU
		{C54FAAFC-7C4A-4FF0-8EE0-57BA0D7D9D02}.Debug|iPhoneSimulator.Deploy.0 = Debug|Any CPU
		{C54FAAFC-7C4A-4FF0-8EE0-57BA0D7D9D02}.Debug|x64.ActiveCfg = Debug|Any CPU
		{C54FAAFC-7C4A-4FF0-8EE0-57BA0D7D9D02}.Debug|x64.Build.0 = Debug|Any CPU
		{C54FAAFC-7C4A-4FF0-8EE0-57BA0D7D9D02}.Debug|x64.Deploy.0 = Debug|Any CPU
		{C54FAAFC-7C4A-4FF0-8EE0-57BA0D7D9D02}.Debug|x86.ActiveCfg = Debug|Any CPU
		{C54FAAFC-7C4A-4FF0-8EE0-57BA0D7D9D02}.Debug|x86.Build.0 = Debug|Any CPU
		{C54FAAFC-7C4A-4FF0-8EE0-57BA0D7D9D02}.Debug|x86.Deploy.0 = Debug|Any CPU
		{C54FAAFC-7C4A-4FF0-8EE0-57BA0D7D9D02}.Release|Any CPU.ActiveCfg = Release|Any CPU
		{C54FAAFC-7C4A-4FF0-8EE0-57BA0D7D9D02}.Release|Any CPU.Build.0 = Release|Any CPU
		{C54FAAFC-7C4A-4FF0-8EE0-57BA0D7D9D02}.Release|Any CPU.Deploy.0 = Release|Any CPU
		{C54FAAFC-7C4A-4FF0-8EE0-57BA0D7D9D02}.Release|ARM.ActiveCfg = Release|Any CPU
		{C54FAAFC-7C4A-4FF0-8EE0-57BA0D7D9D02}.Release|ARM.Build.0 = Release|Any CPU
		{C54FAAFC-7C4A-4FF0-8EE0-57BA0D7D9D02}.Release|ARM.Deploy.0 = Release|Any CPU
		{C54FAAFC-7C4A-4FF0-8EE0-57BA0D7D9D02}.Release|iPhone.ActiveCfg = Release|Any CPU
		{C54FAAFC-7C4A-4FF0-8EE0-57BA0D7D9D02}.Release|iPhone.Build.0 = Release|Any CPU
		{C54FAAFC-7C4A-4FF0-8EE0-57BA0D7D9D02}.Release|iPhone.Deploy.0 = Release|Any CPU
		{C54FAAFC-7C4A-4FF0-8EE0-57BA0D7D9D02}.Release|iPhoneSimulator.ActiveCfg = Release|Any CPU
		{C54FAAFC-7C4A-4FF0-8EE0-57BA0D7D9D02}.Release|iPhoneSimulator.Build.0 = Release|Any CPU
		{C54FAAFC-7C4A-4FF0-8EE0-57BA0D7D9D02}.Release|iPhoneSimulator.Deploy.0 = Release|Any CPU
		{C54FAAFC-7C4A-4FF0-8EE0-57BA0D7D9D02}.Release|x64.ActiveCfg = Release|Any CPU
		{C54FAAFC-7C4A-4FF0-8EE0-57BA0D7D9D02}.Release|x64.Build.0 = Release|Any CPU
		{C54FAAFC-7C4A-4FF0-8EE0-57BA0D7D9D02}.Release|x64.Deploy.0 = Release|Any CPU
		{C54FAAFC-7C4A-4FF0-8EE0-57BA0D7D9D02}.Release|x86.ActiveCfg = Release|Any CPU
		{C54FAAFC-7C4A-4FF0-8EE0-57BA0D7D9D02}.Release|x86.Build.0 = Release|Any CPU
		{C54FAAFC-7C4A-4FF0-8EE0-57BA0D7D9D02}.Release|x86.Deploy.0 = Release|Any CPU
	EndGlobalSection
	GlobalSection(SolutionProperties) = preSolution
		HideSolutionNode = FALSE
	EndGlobalSection
	GlobalSection(ExtensibilityGlobals) = postSolution
		SolutionGuid = {25EBE21E-8077-408E-9419-61258A777AAD}
	EndGlobalSection
EndGlobal
