
Microsoft Visual Studio Solution File, Format Version 12.00
# Visual Studio 15
VisualStudioVersion = 15.0.28307.489
MinimumVisualStudioVersion = 10.0.40219.1
Project("{FAE04EC0-301F-11D3-BF4B-00C04F79EFBC}") = "Einkaufsliste.Android", "Einkaufsliste\Einkaufsliste.Android\Einkaufsliste.Android.csproj", "{4E07D59D-66FC-4222-9E81-3707558E281D}"
EndProject
Project("{FAE04EC0-301F-11D3-BF4B-00C04F79EFBC}") = "Einkaufsliste.iOS", "Einkaufsliste\Einkaufsliste.iOS\Einkaufsliste.iOS.csproj", "{9205D661-2205-46E8-AA2A-F15A9BDCD4FE}"
EndProject
Project("{FAE04EC0-301F-11D3-BF4B-00C04F79EFBC}") = "Einkaufsliste.UWP", "Einkaufsliste\Einkaufsliste.UWP\Einkaufsliste.UWP.csproj", "{1F8F2202-6B40-4594-AFCF-A4A03BF57CF9}"
EndProject
Project("{FAE04EC0-301F-11D3-BF4B-00C04F79EFBC}") = "Einkaufsliste", "Einkaufsliste\Einkaufsliste\Einkaufsliste.csproj", "{19F52B91-4ABD-4033-99E7-E55D26DA0C45}"
EndProject
Global
	GlobalSection(SolutionConfigurationPlatforms) = preSolution
		Ad-Hoc|Any CPU = Ad-Hoc|Any CPU
		Ad-Hoc|ARM = Ad-Hoc|ARM
		Ad-Hoc|iPhone = Ad-Hoc|iPhone
		Ad-Hoc|iPhoneSimulator = Ad-Hoc|iPhoneSimulator
		Ad-Hoc|x64 = Ad-Hoc|x64
		Ad-Hoc|x86 = Ad-Hoc|x86
		AppStore|Any CPU = AppStore|Any CPU
		AppStore|ARM = AppStore|ARM
		AppStore|iPhone = AppStore|iPhone
		AppStore|iPhoneSimulator = AppStore|iPhoneSimulator
		AppStore|x64 = AppStore|x64
		AppStore|x86 = AppStore|x86
		Debug|Any CPU = Debug|Any CPU
		Debug|ARM = Debug|ARM
		Debug|iPhone = Debug|iPhone
		Debug|iPhoneSimulator = Debug|iPhoneSimulator
		Debug|x64 = Debug|x64
		Debug|x86 = Debug|x86
		Release|Any CPU = Release|Any CPU
		Release|ARM = Release|ARM
		Release|iPhone = Release|iPhone
		Release|iPhoneSimulator = Release|iPhoneSimulator
		Release|x64 = Release|x64
		Release|x86 = Release|x86
	EndGlobalSection
	GlobalSection(ProjectConfigurationPlatforms) = postSolution
		{4E07D59D-66FC-4222-9E81-3707558E281D}.Ad-Hoc|Any CPU.ActiveCfg = Release|Any CPU
		{4E07D59D-66FC-4222-9E81-3707558E281D}.Ad-Hoc|Any CPU.Build.0 = Release|Any CPU
		{4E07D59D-66FC-4222-9E81-3707558E281D}.Ad-Hoc|Any CPU.Deploy.0 = Release|Any CPU
		{4E07D59D-66FC-4222-9E81-3707558E281D}.Ad-Hoc|ARM.ActiveCfg = Release|Any CPU
		{4E07D59D-66FC-4222-9E81-3707558E281D}.Ad-Hoc|ARM.Build.0 = Release|Any CPU
		{4E07D59D-66FC-4222-9E81-3707558E281D}.Ad-Hoc|ARM.Deploy.0 = Release|Any CPU
		{4E07D59D-66FC-4222-9E81-3707558E281D}.Ad-Hoc|iPhone.ActiveCfg = Release|Any CPU
		{4E07D59D-66FC-4222-9E81-3707558E281D}.Ad-Hoc|iPhone.Build.0 = Release|Any CPU
		{4E07D59D-66FC-4222-9E81-3707558E281D}.Ad-Hoc|iPhone.Deploy.0 = Release|Any CPU
		{4E07D59D-66FC-4222-9E81-3707558E281D}.Ad-Hoc|iPhoneSimulator.ActiveCfg = Release|Any CPU
		{4E07D59D-66FC-4222-9E81-3707558E281D}.Ad-Hoc|iPhoneSimulator.Build.0 = Release|Any CPU
		{4E07D59D-66FC-4222-9E81-3707558E281D}.Ad-Hoc|iPhoneSimulator.Deploy.0 = Release|Any CPU
		{4E07D59D-66FC-4222-9E81-3707558E281D}.Ad-Hoc|x64.ActiveCfg = Release|Any CPU
		{4E07D59D-66FC-4222-9E81-3707558E281D}.Ad-Hoc|x64.Build.0 = Release|Any CPU
		{4E07D59D-66FC-4222-9E81-3707558E281D}.Ad-Hoc|x64.Deploy.0 = Release|Any CPU
		{4E07D59D-66FC-4222-9E81-3707558E281D}.Ad-Hoc|x86.ActiveCfg = Release|Any CPU
		{4E07D59D-66FC-4222-9E81-3707558E281D}.Ad-Hoc|x86.Build.0 = Release|Any CPU
		{4E07D59D-66FC-4222-9E81-3707558E281D}.Ad-Hoc|x86.Deploy.0 = Release|Any CPU
		{4E07D59D-66FC-4222-9E81-3707558E281D}.AppStore|Any CPU.ActiveCfg = Release|Any CPU
		{4E07D59D-66FC-4222-9E81-3707558E281D}.AppStore|Any CPU.Build.0 = Release|Any CPU
		{4E07D59D-66FC-4222-9E81-3707558E281D}.AppStore|Any CPU.Deploy.0 = Release|Any CPU
		{4E07D59D-66FC-4222-9E81-3707558E281D}.AppStore|ARM.ActiveCfg = Release|Any CPU
		{4E07D59D-66FC-4222-9E81-3707558E281D}.AppStore|ARM.Build.0 = Release|Any CPU
		{4E07D59D-66FC-4222-9E81-3707558E281D}.AppStore|ARM.Deploy.0 = Release|Any CPU
		{4E07D59D-66FC-4222-9E81-3707558E281D}.AppStore|iPhone.ActiveCfg = Release|Any CPU
		{4E07D59D-66FC-4222-9E81-3707558E281D}.AppStore|iPhone.Build.0 = Release|Any CPU
		{4E07D59D-66FC-4222-9E81-3707558E281D}.AppStore|iPhone.Deploy.0 = Release|Any CPU
		{4E07D59D-66FC-4222-9E81-3707558E281D}.AppStore|iPhoneSimulator.ActiveCfg = Release|Any CPU
		{4E07D59D-66FC-4222-9E81-3707558E281D}.AppStore|iPhoneSimulator.Build.0 = Release|Any CPU
		{4E07D59D-66FC-4222-9E81-3707558E281D}.AppStore|iPhoneSimulator.Deploy.0 = Release|Any CPU
		{4E07D59D-66FC-4222-9E81-3707558E281D}.AppStore|x64.ActiveCfg = Release|Any CPU
		{4E07D59D-66FC-4222-9E81-3707558E281D}.AppStore|x64.Build.0 = Release|Any CPU
		{4E07D59D-66FC-4222-9E81-3707558E281D}.AppStore|x64.Deploy.0 = Release|Any CPU
		{4E07D59D-66FC-4222-9E81-3707558E281D}.AppStore|x86.ActiveCfg = Release|Any CPU
		{4E07D59D-66FC-4222-9E81-3707558E281D}.AppStore|x86.Build.0 = Release|Any CPU
		{4E07D59D-66FC-4222-9E81-3707558E281D}.AppStore|x86.Deploy.0 = Release|Any CPU
		{4E07D59D-66FC-4222-9E81-3707558E281D}.Debug|Any CPU.ActiveCfg = Debug|Any CPU
		{4E07D59D-66FC-4222-9E81-3707558E281D}.Debug|Any CPU.Build.0 = Debug|Any CPU
		{4E07D59D-66FC-4222-9E81-3707558E281D}.Debug|Any CPU.Deploy.0 = Debug|Any CPU
		{4E07D59D-66FC-4222-9E81-3707558E281D}.Debug|ARM.ActiveCfg = Debug|Any CPU
		{4E07D59D-66FC-4222-9E81-3707558E281D}.Debug|ARM.Build.0 = Debug|Any CPU
		{4E07D59D-66FC-4222-9E81-3707558E281D}.Debug|ARM.Deploy.0 = Debug|Any CPU
		{4E07D59D-66FC-4222-9E81-3707558E281D}.Debug|iPhone.ActiveCfg = Debug|Any CPU
		{4E07D59D-66FC-4222-9E81-3707558E281D}.Debug|iPhone.Build.0 = Debug|Any CPU
		{4E07D59D-66FC-4222-9E81-3707558E281D}.Debug|iPhone.Deploy.0 = Debug|Any CPU
		{4E07D59D-66FC-4222-9E81-3707558E281D}.Debug|iPhoneSimulator.ActiveCfg = Debug|Any CPU
		{4E07D59D-66FC-4222-9E81-3707558E281D}.Debug|iPhoneSimulator.Build.0 = Debug|Any CPU
		{4E07D59D-66FC-4222-9E81-3707558E281D}.Debug|iPhoneSimulator.Deploy.0 = Debug|Any CPU
		{4E07D59D-66FC-4222-9E81-3707558E281D}.Debug|x64.ActiveCfg = Debug|Any CPU
		{4E07D59D-66FC-4222-9E81-3707558E281D}.Debug|x64.Build.0 = Debug|Any CPU
		{4E07D59D-66FC-4222-9E81-3707558E281D}.Debug|x64.Deploy.0 = Debug|Any CPU
		{4E07D59D-66FC-4222-9E81-3707558E281D}.Debug|x86.ActiveCfg = Debug|Any CPU
		{4E07D59D-66FC-4222-9E81-3707558E281D}.Debug|x86.Build.0 = Debug|Any CPU
		{4E07D59D-66FC-4222-9E81-3707558E281D}.Debug|x86.Deploy.0 = Debug|Any CPU
		{4E07D59D-66FC-4222-9E81-3707558E281D}.Release|Any CPU.ActiveCfg = Release|Any CPU
		{4E07D59D-66FC-4222-9E81-3707558E281D}.Release|Any CPU.Build.0 = Release|Any CPU
		{4E07D59D-66FC-4222-9E81-3707558E281D}.Release|Any CPU.Deploy.0 = Release|Any CPU
		{4E07D59D-66FC-4222-9E81-3707558E281D}.Release|ARM.ActiveCfg = Release|Any CPU
		{4E07D59D-66FC-4222-9E81-3707558E281D}.Release|ARM.Build.0 = Release|Any CPU
		{4E07D59D-66FC-4222-9E81-3707558E281D}.Release|ARM.Deploy.0 = Release|Any CPU
		{4E07D59D-66FC-4222-9E81-3707558E281D}.Release|iPhone.ActiveCfg = Release|Any CPU
		{4E07D59D-66FC-4222-9E81-3707558E281D}.Release|iPhone.Build.0 = Release|Any CPU
		{4E07D59D-66FC-4222-9E81-3707558E281D}.Release|iPhone.Deploy.0 = Release|Any CPU
		{4E07D59D-66FC-4222-9E81-3707558E281D}.Release|iPhoneSimulator.ActiveCfg = Release|Any CPU
		{4E07D59D-66FC-4222-9E81-3707558E281D}.Release|iPhoneSimulator.Build.0 = Release|Any CPU
		{4E07D59D-66FC-4222-9E81-3707558E281D}.Release|iPhoneSimulator.Deploy.0 = Release|Any CPU
		{4E07D59D-66FC-4222-9E81-3707558E281D}.Release|x64.ActiveCfg = Release|Any CPU
		{4E07D59D-66FC-4222-9E81-3707558E281D}.Release|x64.Build.0 = Release|Any CPU
		{4E07D59D-66FC-4222-9E81-3707558E281D}.Release|x64.Deploy.0 = Release|Any CPU
		{4E07D59D-66FC-4222-9E81-3707558E281D}.Release|x86.ActiveCfg = Release|Any CPU
		{4E07D59D-66FC-4222-9E81-3707558E281D}.Release|x86.Build.0 = Release|Any CPU
		{4E07D59D-66FC-4222-9E81-3707558E281D}.Release|x86.Deploy.0 = Release|Any CPU
		{9205D661-2205-46E8-AA2A-F15A9BDCD4FE}.Ad-Hoc|Any CPU.ActiveCfg = Ad-Hoc|iPhone
		{9205D661-2205-46E8-AA2A-F15A9BDCD4FE}.Ad-Hoc|Any CPU.Build.0 = Ad-Hoc|iPhone
		{9205D661-2205-46E8-AA2A-F15A9BDCD4FE}.Ad-Hoc|Any CPU.Deploy.0 = Ad-Hoc|iPhone
		{9205D661-2205-46E8-AA2A-F15A9BDCD4FE}.Ad-Hoc|ARM.ActiveCfg = Ad-Hoc|iPhone
		{9205D661-2205-46E8-AA2A-F15A9BDCD4FE}.Ad-Hoc|ARM.Build.0 = Ad-Hoc|iPhone
		{9205D661-2205-46E8-AA2A-F15A9BDCD4FE}.Ad-Hoc|ARM.Deploy.0 = Ad-Hoc|iPhone
		{9205D661-2205-46E8-AA2A-F15A9BDCD4FE}.Ad-Hoc|iPhone.ActiveCfg = Ad-Hoc|iPhone
		{9205D661-2205-46E8-AA2A-F15A9BDCD4FE}.Ad-Hoc|iPhone.Build.0 = Ad-Hoc|iPhone
		{9205D661-2205-46E8-AA2A-F15A9BDCD4FE}.Ad-Hoc|iPhone.Deploy.0 = Ad-Hoc|iPhone
		{9205D661-2205-46E8-AA2A-F15A9BDCD4FE}.Ad-Hoc|iPhoneSimulator.ActiveCfg = Ad-Hoc|iPhoneSimulator
		{9205D661-2205-46E8-AA2A-F15A9BDCD4FE}.Ad-Hoc|iPhoneSimulator.Build.0 = Ad-Hoc|iPhoneSimulator
		{9205D661-2205-46E8-AA2A-F15A9BDCD4FE}.Ad-Hoc|iPhoneSimulator.Deploy.0 = Ad-Hoc|iPhoneSimulator
		{9205D661-2205-46E8-AA2A-F15A9BDCD4FE}.Ad-Hoc|x64.ActiveCfg = Ad-Hoc|iPhone
		{9205D661-2205-46E8-AA2A-F15A9BDCD4FE}.Ad-Hoc|x64.Build.0 = Ad-Hoc|iPhone
		{9205D661-2205-46E8-AA2A-F15A9BDCD4FE}.Ad-Hoc|x64.Deploy.0 = Ad-Hoc|iPhone
		{9205D661-2205-46E8-AA2A-F15A9BDCD4FE}.Ad-Hoc|x86.ActiveCfg = Ad-Hoc|iPhone
		{9205D661-2205-46E8-AA2A-F15A9BDCD4FE}.Ad-Hoc|x86.Build.0 = Ad-Hoc|iPhone
		{9205D661-2205-46E8-AA2A-F15A9BDCD4FE}.Ad-Hoc|x86.Deploy.0 = Ad-Hoc|iPhone
		{9205D661-2205-46E8-AA2A-F15A9BDCD4FE}.AppStore|Any CPU.ActiveCfg = AppStore|iPhone
		{9205D661-2205-46E8-AA2A-F15A9BDCD4FE}.AppStore|Any CPU.Build.0 = AppStore|iPhone
		{9205D661-2205-46E8-AA2A-F15A9BDCD4FE}.AppStore|Any CPU.Deploy.0 = AppStore|iPhone
		{9205D661-2205-46E8-AA2A-F15A9BDCD4FE}.AppStore|ARM.ActiveCfg = AppStore|iPhone
		{9205D661-2205-46E8-AA2A-F15A9BDCD4FE}.AppStore|ARM.Build.0 = AppStore|iPhone
		{9205D661-2205-46E8-AA2A-F15A9BDCD4FE}.AppStore|ARM.Deploy.0 = AppStore|iPhone
		{9205D661-2205-46E8-AA2A-F15A9BDCD4FE}.AppStore|iPhone.ActiveCfg = AppStore|iPhone
		{9205D661-2205-46E8-AA2A-F15A9BDCD4FE}.AppStore|iPhone.Build.0 = AppStore|iPhone
		{9205D661-2205-46E8-AA2A-F15A9BDCD4FE}.AppStore|iPhone.Deploy.0 = AppStore|iPhone
		{9205D661-2205-46E8-AA2A-F15A9BDCD4FE}.AppStore|iPhoneSimulator.ActiveCfg = AppStore|iPhoneSimulator
		{9205D661-2205-46E8-AA2A-F15A9BDCD4FE}.AppStore|iPhoneSimulator.Build.0 = AppStore|iPhoneSimulator
		{9205D661-2205-46E8-AA2A-F15A9BDCD4FE}.AppStore|iPhoneSimulator.Deploy.0 = AppStore|iPhoneSimulator
		{9205D661-2205-46E8-AA2A-F15A9BDCD4FE}.AppStore|x64.ActiveCfg = AppStore|iPhone
		{9205D661-2205-46E8-AA2A-F15A9BDCD4FE}.AppStore|x64.Build.0 = AppStore|iPhone
		{9205D661-2205-46E8-AA2A-F15A9BDCD4FE}.AppStore|x64.Deploy.0 = AppStore|iPhone
		{9205D661-2205-46E8-AA2A-F15A9BDCD4FE}.AppStore|x86.ActiveCfg = AppStore|iPhone
		{9205D661-2205-46E8-AA2A-F15A9BDCD4FE}.AppStore|x86.Build.0 = AppStore|iPhone
		{9205D661-2205-46E8-AA2A-F15A9BDCD4FE}.AppStore|x86.Deploy.0 = AppStore|iPhone
		{9205D661-2205-46E8-AA2A-F15A9BDCD4FE}.Debug|Any CPU.ActiveCfg = Debug|iPhoneSimulator
		{9205D661-2205-46E8-AA2A-F15A9BDCD4FE}.Debug|Any CPU.Build.0 = Debug|iPhoneSimulator
		{9205D661-2205-46E8-AA2A-F15A9BDCD4FE}.Debug|Any CPU.Deploy.0 = Debug|iPhoneSimulator
		{9205D661-2205-46E8-AA2A-F15A9BDCD4FE}.Debug|ARM.ActiveCfg = Debug|iPhone
		{9205D661-2205-46E8-AA2A-F15A9BDCD4FE}.Debug|ARM.Build.0 = Debug|iPhone
		{9205D661-2205-46E8-AA2A-F15A9BDCD4FE}.Debug|ARM.Deploy.0 = Debug|iPhone
		{9205D661-2205-46E8-AA2A-F15A9BDCD4FE}.Debug|iPhone.ActiveCfg = Debug|iPhone
		{9205D661-2205-46E8-AA2A-F15A9BDCD4FE}.Debug|iPhone.Build.0 = Debug|iPhone
		{9205D661-2205-46E8-AA2A-F15A9BDCD4FE}.Debug|iPhone.Deploy.0 = Debug|iPhone
		{9205D661-2205-46E8-AA2A-F15A9BDCD4FE}.Debug|iPhoneSimulator.ActiveCfg = Debug|iPhoneSimulator
		{9205D661-2205-46E8-AA2A-F15A9BDCD4FE}.Debug|iPhoneSimulator.Build.0 = Debug|iPhoneSimulator
		{9205D661-2205-46E8-AA2A-F15A9BDCD4FE}.Debug|iPhoneSimulator.Deploy.0 = Debug|iPhoneSimulator
		{9205D661-2205-46E8-AA2A-F15A9BDCD4FE}.Debug|x64.ActiveCfg = Debug|iPhone
		{9205D661-2205-46E8-AA2A-F15A9BDCD4FE}.Debug|x64.Build.0 = Debug|iPhone
		{9205D661-2205-46E8-AA2A-F15A9BDCD4FE}.Debug|x64.Deploy.0 = Debug|iPhone
		{9205D661-2205-46E8-AA2A-F15A9BDCD4FE}.Debug|x86.ActiveCfg = Debug|iPhone
		{9205D661-2205-46E8-AA2A-F15A9BDCD4FE}.Debug|x86.Build.0 = Debug|iPhone
		{9205D661-2205-46E8-AA2A-F15A9BDCD4FE}.Debug|x86.Deploy.0 = Debug|iPhone
		{9205D661-2205-46E8-AA2A-F15A9BDCD4FE}.Release|Any CPU.ActiveCfg = Release|iPhone
		{9205D661-2205-46E8-AA2A-F15A9BDCD4FE}.Release|Any CPU.Build.0 = Release|iPhone
		{9205D661-2205-46E8-AA2A-F15A9BDCD4FE}.Release|Any CPU.Deploy.0 = Release|iPhone
		{9205D661-2205-46E8-AA2A-F15A9BDCD4FE}.Release|ARM.ActiveCfg = Release|iPhone
		{9205D661-2205-46E8-AA2A-F15A9BDCD4FE}.Release|ARM.Build.0 = Release|iPhone
		{9205D661-2205-46E8-AA2A-F15A9BDCD4FE}.Release|ARM.Deploy.0 = Release|iPhone
		{9205D661-2205-46E8-AA2A-F15A9BDCD4FE}.Release|iPhone.ActiveCfg = Release|iPhone
		{9205D661-2205-46E8-AA2A-F15A9BDCD4FE}.Release|iPhone.Build.0 = Release|iPhone
		{9205D661-2205-46E8-AA2A-F15A9BDCD4FE}.Release|iPhone.Deploy.0 = Release|iPhone
		{9205D661-2205-46E8-AA2A-F15A9BDCD4FE}.Release|iPhoneSimulator.ActiveCfg = Release|iPhoneSimulator
		{9205D661-2205-46E8-AA2A-F15A9BDCD4FE}.Release|iPhoneSimulator.Build.0 = Release|iPhoneSimulator
		{9205D661-2205-46E8-AA2A-F15A9BDCD4FE}.Release|iPhoneSimulator.Deploy.0 = Release|iPhoneSimulator
		{9205D661-2205-46E8-AA2A-F15A9BDCD4FE}.Release|x64.ActiveCfg = Release|iPhone
		{9205D661-2205-46E8-AA2A-F15A9BDCD4FE}.Release|x64.Build.0 = Release|iPhone
		{9205D661-2205-46E8-AA2A-F15A9BDCD4FE}.Release|x64.Deploy.0 = Release|iPhone
		{9205D661-2205-46E8-AA2A-F15A9BDCD4FE}.Release|x86.ActiveCfg = Release|iPhone
		{9205D661-2205-46E8-AA2A-F15A9BDCD4FE}.Release|x86.Build.0 = Release|iPhone
		{9205D661-2205-46E8-AA2A-F15A9BDCD4FE}.Release|x86.Deploy.0 = Release|iPhone
		{1F8F2202-6B40-4594-AFCF-A4A03BF57CF9}.Ad-Hoc|Any CPU.ActiveCfg = Release|x86
		{1F8F2202-6B40-4594-AFCF-A4A03BF57CF9}.Ad-Hoc|Any CPU.Build.0 = Release|x86
		{1F8F2202-6B40-4594-AFCF-A4A03BF57CF9}.Ad-Hoc|Any CPU.Deploy.0 = Release|x86
		{1F8F2202-6B40-4594-AFCF-A4A03BF57CF9}.Ad-Hoc|ARM.ActiveCfg = Release|ARM
		{1F8F2202-6B40-4594-AFCF-A4A03BF57CF9}.Ad-Hoc|ARM.Build.0 = Release|ARM
		{1F8F2202-6B40-4594-AFCF-A4A03BF57CF9}.Ad-Hoc|ARM.Deploy.0 = Release|ARM
		{1F8F2202-6B40-4594-AFCF-A4A03BF57CF9}.Ad-Hoc|iPhone.ActiveCfg = Release|x86
		{1F8F2202-6B40-4594-AFCF-A4A03BF57CF9}.Ad-Hoc|iPhone.Build.0 = Release|x86
		{1F8F2202-6B40-4594-AFCF-A4A03BF57CF9}.Ad-Hoc|iPhone.Deploy.0 = Release|x86
		{1F8F2202-6B40-4594-AFCF-A4A03BF57CF9}.Ad-Hoc|iPhoneSimulator.ActiveCfg = Release|x86
		{1F8F2202-6B40-4594-AFCF-A4A03BF57CF9}.Ad-Hoc|iPhoneSimulator.Build.0 = Release|x86
		{1F8F2202-6B40-4594-AFCF-A4A03BF57CF9}.Ad-Hoc|iPhoneSimulator.Deploy.0 = Release|x86
		{1F8F2202-6B40-4594-AFCF-A4A03BF57CF9}.Ad-Hoc|x64.ActiveCfg = Release|x64
		{1F8F2202-6B40-4594-AFCF-A4A03BF57CF9}.Ad-Hoc|x64.Build.0 = Release|x64
		{1F8F2202-6B40-4594-AFCF-A4A03BF57CF9}.Ad-Hoc|x64.Deploy.0 = Release|x64
		{1F8F2202-6B40-4594-AFCF-A4A03BF57CF9}.Ad-Hoc|x86.ActiveCfg = Release|x86
		{1F8F2202-6B40-4594-AFCF-A4A03BF57CF9}.Ad-Hoc|x86.Build.0 = Release|x86
		{1F8F2202-6B40-4594-AFCF-A4A03BF57CF9}.Ad-Hoc|x86.Deploy.0 = Release|x86
		{1F8F2202-6B40-4594-AFCF-A4A03BF57CF9}.AppStore|Any CPU.ActiveCfg = Release|x86
		{1F8F2202-6B40-4594-AFCF-A4A03BF57CF9}.AppStore|Any CPU.Build.0 = Release|x86
		{1F8F2202-6B40-4594-AFCF-A4A03BF57CF9}.AppStore|Any CPU.Deploy.0 = Release|x86
		{1F8F2202-6B40-4594-AFCF-A4A03BF57CF9}.AppStore|ARM.ActiveCfg = Release|ARM
		{1F8F2202-6B40-4594-AFCF-A4A03BF57CF9}.AppStore|ARM.Build.0 = Release|ARM
		{1F8F2202-6B40-4594-AFCF-A4A03BF57CF9}.AppStore|ARM.Deploy.0 = Release|ARM
		{1F8F2202-6B40-4594-AFCF-A4A03BF57CF9}.AppStore|iPhone.ActiveCfg = Release|x86
		{1F8F2202-6B40-4594-AFCF-A4A03BF57CF9}.AppStore|iPhone.Build.0 = Release|x86
		{1F8F2202-6B40-4594-AFCF-A4A03BF57CF9}.AppStore|iPhone.Deploy.0 = Release|x86
		{1F8F2202-6B40-4594-AFCF-A4A03BF57CF9}.AppStore|iPhoneSimulator.ActiveCfg = Release|x86
		{1F8F2202-6B40-4594-AFCF-A4A03BF57CF9}.AppStore|iPhoneSimulator.Build.0 = Release|x86
		{1F8F2202-6B40-4594-AFCF-A4A03BF57CF9}.AppStore|iPhoneSimulator.Deploy.0 = Release|x86
		{1F8F2202-6B40-4594-AFCF-A4A03BF57CF9}.AppStore|x64.ActiveCfg = Release|x64
		{1F8F2202-6B40-4594-AFCF-A4A03BF57CF9}.AppStore|x64.Build.0 = Release|x64
		{1F8F2202-6B40-4594-AFCF-A4A03BF57CF9}.AppStore|x64.Deploy.0 = Release|x64
		{1F8F2202-6B40-4594-AFCF-A4A03BF57CF9}.AppStore|x86.ActiveCfg = Release|x86
		{1F8F2202-6B40-4594-AFCF-A4A03BF57CF9}.AppStore|x86.Build.0 = Release|x86
		{1F8F2202-6B40-4594-AFCF-A4A03BF57CF9}.AppStore|x86.Deploy.0 = Release|x86
		{1F8F2202-6B40-4594-AFCF-A4A03BF57CF9}.Debug|Any CPU.ActiveCfg = Debug|x86
		{1F8F2202-6B40-4594-AFCF-A4A03BF57CF9}.Debug|Any CPU.Build.0 = Debug|x86
		{1F8F2202-6B40-4594-AFCF-A4A03BF57CF9}.Debug|Any CPU.Deploy.0 = Debug|x86
		{1F8F2202-6B40-4594-AFCF-A4A03BF57CF9}.Debug|ARM.ActiveCfg = Debug|ARM
		{1F8F2202-6B40-4594-AFCF-A4A03BF57CF9}.Debug|ARM.Build.0 = Debug|ARM
		{1F8F2202-6B40-4594-AFCF-A4A03BF57CF9}.Debug|ARM.Deploy.0 = Debug|ARM
		{1F8F2202-6B40-4594-AFCF-A4A03BF57CF9}.Debug|iPhone.ActiveCfg = Debug|x86
		{1F8F2202-6B40-4594-AFCF-A4A03BF57CF9}.Debug|iPhone.Build.0 = Debug|x86
		{1F8F2202-6B40-4594-AFCF-A4A03BF57CF9}.Debug|iPhone.Deploy.0 = Debug|x86
		{1F8F2202-6B40-4594-AFCF-A4A03BF57CF9}.Debug|iPhoneSimulator.ActiveCfg = Debug|x86
		{1F8F2202-6B40-4594-AFCF-A4A03BF57CF9}.Debug|iPhoneSimulator.Build.0 = Debug|x86
		{1F8F2202-6B40-4594-AFCF-A4A03BF57CF9}.Debug|iPhoneSimulator.Deploy.0 = Debug|x86
		{1F8F2202-6B40-4594-AFCF-A4A03BF57CF9}.Debug|x64.ActiveCfg = Debug|x64
		{1F8F2202-6B40-4594-AFCF-A4A03BF57CF9}.Debug|x64.Build.0 = Debug|x64
		{1F8F2202-6B40-4594-AFCF-A4A03BF57CF9}.Debug|x64.Deploy.0 = Debug|x64
		{1F8F2202-6B40-4594-AFCF-A4A03BF57CF9}.Debug|x86.ActiveCfg = Debug|x86
		{1F8F2202-6B40-4594-AFCF-A4A03BF57CF9}.Debug|x86.Build.0 = Debug|x86
		{1F8F2202-6B40-4594-AFCF-A4A03BF57CF9}.Debug|x86.Deploy.0 = Debug|x86
		{1F8F2202-6B40-4594-AFCF-A4A03BF57CF9}.Release|Any CPU.ActiveCfg = Release|x86
		{1F8F2202-6B40-4594-AFCF-A4A03BF57CF9}.Release|Any CPU.Build.0 = Release|x86
		{1F8F2202-6B40-4594-AFCF-A4A03BF57CF9}.Release|Any CPU.Deploy.0 = Release|x86
		{1F8F2202-6B40-4594-AFCF-A4A03BF57CF9}.Release|ARM.ActiveCfg = Release|ARM
		{1F8F2202-6B40-4594-AFCF-A4A03BF57CF9}.Release|ARM.Build.0 = Release|ARM
		{1F8F2202-6B40-4594-AFCF-A4A03BF57CF9}.Release|ARM.Deploy.0 = Release|ARM
		{1F8F2202-6B40-4594-AFCF-A4A03BF57CF9}.Release|iPhone.ActiveCfg = Release|x86
		{1F8F2202-6B40-4594-AFCF-A4A03BF57CF9}.Release|iPhone.Build.0 = Release|x86
		{1F8F2202-6B40-4594-AFCF-A4A03BF57CF9}.Release|iPhone.Deploy.0 = Release|x86
		{1F8F2202-6B40-4594-AFCF-A4A03BF57CF9}.Release|iPhoneSimulator.ActiveCfg = Release|x86
		{1F8F2202-6B40-4594-AFCF-A4A03BF57CF9}.Release|iPhoneSimulator.Build.0 = Release|x86
		{1F8F2202-6B40-4594-AFCF-A4A03BF57CF9}.Release|iPhoneSimulator.Deploy.0 = Release|x86
		{1F8F2202-6B40-4594-AFCF-A4A03BF57CF9}.Release|x64.ActiveCfg = Release|x64
		{1F8F2202-6B40-4594-AFCF-A4A03BF57CF9}.Release|x64.Build.0 = Release|x64
		{1F8F2202-6B40-4594-AFCF-A4A03BF57CF9}.Release|x64.Deploy.0 = Release|x64
		{1F8F2202-6B40-4594-AFCF-A4A03BF57CF9}.Release|x86.ActiveCfg = Release|x86
		{1F8F2202-6B40-4594-AFCF-A4A03BF57CF9}.Release|x86.Build.0 = Release|x86
		{1F8F2202-6B40-4594-AFCF-A4A03BF57CF9}.Release|x86.Deploy.0 = Release|x86
		{19F52B91-4ABD-4033-99E7-E55D26DA0C45}.Ad-Hoc|Any CPU.ActiveCfg = Debug|Any CPU
		{19F52B91-4ABD-4033-99E7-E55D26DA0C45}.Ad-Hoc|Any CPU.Build.0 = Debug|Any CPU
		{19F52B91-4ABD-4033-99E7-E55D26DA0C45}.Ad-Hoc|Any CPU.Deploy.0 = Debug|Any CPU
		{19F52B91-4ABD-4033-99E7-E55D26DA0C45}.Ad-Hoc|ARM.ActiveCfg = Debug|Any CPU
		{19F52B91-4ABD-4033-99E7-E55D26DA0C45}.Ad-Hoc|ARM.Build.0 = Debug|Any CPU
		{19F52B91-4ABD-4033-99E7-E55D26DA0C45}.Ad-Hoc|ARM.Deploy.0 = Debug|Any CPU
		{19F52B91-4ABD-4033-99E7-E55D26DA0C45}.Ad-Hoc|iPhone.ActiveCfg = Debug|Any CPU
		{19F52B91-4ABD-4033-99E7-E55D26DA0C45}.Ad-Hoc|iPhone.Build.0 = Debug|Any CPU
		{19F52B91-4ABD-4033-99E7-E55D26DA0C45}.Ad-Hoc|iPhone.Deploy.0 = Debug|Any CPU
		{19F52B91-4ABD-4033-99E7-E55D26DA0C45}.Ad-Hoc|iPhoneSimulator.ActiveCfg = Debug|Any CPU
		{19F52B91-4ABD-4033-99E7-E55D26DA0C45}.Ad-Hoc|iPhoneSimulator.Build.0 = Debug|Any CPU
		{19F52B91-4ABD-4033-99E7-E55D26DA0C45}.Ad-Hoc|iPhoneSimulator.Deploy.0 = Debug|Any CPU
		{19F52B91-4ABD-4033-99E7-E55D26DA0C45}.Ad-Hoc|x64.ActiveCfg = Debug|Any CPU
		{19F52B91-4ABD-4033-99E7-E55D26DA0C45}.Ad-Hoc|x64.Build.0 = Debug|Any CPU
		{19F52B91-4ABD-4033-99E7-E55D26DA0C45}.Ad-Hoc|x64.Deploy.0 = Debug|Any CPU
		{19F52B91-4ABD-4033-99E7-E55D26DA0C45}.Ad-Hoc|x86.ActiveCfg = Debug|Any CPU
		{19F52B91-4ABD-4033-99E7-E55D26DA0C45}.Ad-Hoc|x86.Build.0 = Debug|Any CPU
		{19F52B91-4ABD-4033-99E7-E55D26DA0C45}.Ad-Hoc|x86.Deploy.0 = Debug|Any CPU
		{19F52B91-4ABD-4033-99E7-E55D26DA0C45}.AppStore|Any CPU.ActiveCfg = Debug|Any CPU
		{19F52B91-4ABD-4033-99E7-E55D26DA0C45}.AppStore|Any CPU.Build.0 = Debug|Any CPU
		{19F52B91-4ABD-4033-99E7-E55D26DA0C45}.AppStore|Any CPU.Deploy.0 = Debug|Any CPU
		{19F52B91-4ABD-4033-99E7-E55D26DA0C45}.AppStore|ARM.ActiveCfg = Debug|Any CPU
		{19F52B91-4ABD-4033-99E7-E55D26DA0C45}.AppStore|ARM.Build.0 = Debug|Any CPU
		{19F52B91-4ABD-4033-99E7-E55D26DA0C45}.AppStore|ARM.Deploy.0 = Debug|Any CPU
		{19F52B91-4ABD-4033-99E7-E55D26DA0C45}.AppStore|iPhone.ActiveCfg = Debug|Any CPU
		{19F52B91-4ABD-4033-99E7-E55D26DA0C45}.AppStore|iPhone.Build.0 = Debug|Any CPU
		{19F52B91-4ABD-4033-99E7-E55D26DA0C45}.AppStore|iPhone.Deploy.0 = Debug|Any CPU
		{19F52B91-4ABD-4033-99E7-E55D26DA0C45}.AppStore|iPhoneSimulator.ActiveCfg = Debug|Any CPU
		{19F52B91-4ABD-4033-99E7-E55D26DA0C45}.AppStore|iPhoneSimulator.Build.0 = Debug|Any CPU
		{19F52B91-4ABD-4033-99E7-E55D26DA0C45}.AppStore|iPhoneSimulator.Deploy.0 = Debug|Any CPU
		{19F52B91-4ABD-4033-99E7-E55D26DA0C45}.AppStore|x64.ActiveCfg = Debug|Any CPU
		{19F52B91-4ABD-4033-99E7-E55D26DA0C45}.AppStore|x64.Build.0 = Debug|Any CPU
		{19F52B91-4ABD-4033-99E7-E55D26DA0C45}.AppStore|x64.Deploy.0 = Debug|Any CPU
		{19F52B91-4ABD-4033-99E7-E55D26DA0C45}.AppStore|x86.ActiveCfg = Debug|Any CPU
		{19F52B91-4ABD-4033-99E7-E55D26DA0C45}.AppStore|x86.Build.0 = Debug|Any CPU
		{19F52B91-4ABD-4033-99E7-E55D26DA0C45}.AppStore|x86.Deploy.0 = Debug|Any CPU
		{19F52B91-4ABD-4033-99E7-E55D26DA0C45}.Debug|Any CPU.ActiveCfg = Debug|Any CPU
		{19F52B91-4ABD-4033-99E7-E55D26DA0C45}.Debug|Any CPU.Build.0 = Debug|Any CPU
		{19F52B91-4ABD-4033-99E7-E55D26DA0C45}.Debug|Any CPU.Deploy.0 = Debug|Any CPU
		{19F52B91-4ABD-4033-99E7-E55D26DA0C45}.Debug|ARM.ActiveCfg = Debug|Any CPU
		{19F52B91-4ABD-4033-99E7-E55D26DA0C45}.Debug|ARM.Build.0 = Debug|Any CPU
		{19F52B91-4ABD-4033-99E7-E55D26DA0C45}.Debug|ARM.Deploy.0 = Debug|Any CPU
		{19F52B91-4ABD-4033-99E7-E55D26DA0C45}.Debug|iPhone.ActiveCfg = Debug|Any CPU
		{19F52B91-4ABD-4033-99E7-E55D26DA0C45}.Debug|iPhone.Build.0 = Debug|Any CPU
		{19F52B91-4ABD-4033-99E7-E55D26DA0C45}.Debug|iPhone.Deploy.0 = Debug|Any CPU
		{19F52B91-4ABD-4033-99E7-E55D26DA0C45}.Debug|iPhoneSimulator.ActiveCfg = Debug|Any CPU
		{19F52B91-4ABD-4033-99E7-E55D26DA0C45}.Debug|iPhoneSimulator.Build.0 = Debug|Any CPU
		{19F52B91-4ABD-4033-99E7-E55D26DA0C45}.Debug|iPhoneSimulator.Deploy.0 = Debug|Any CPU
		{19F52B91-4ABD-4033-99E7-E55D26DA0C45}.Debug|x64.ActiveCfg = Debug|Any CPU
		{19F52B91-4ABD-4033-99E7-E55D26DA0C45}.Debug|x64.Build.0 = Debug|Any CPU
		{19F52B91-4ABD-4033-99E7-E55D26DA0C45}.Debug|x64.Deploy.0 = Debug|Any CPU
		{19F52B91-4ABD-4033-99E7-E55D26DA0C45}.Debug|x86.ActiveCfg = Debug|Any CPU
		{19F52B91-4ABD-4033-99E7-E55D26DA0C45}.Debug|x86.Build.0 = Debug|Any CPU
		{19F52B91-4ABD-4033-99E7-E55D26DA0C45}.Debug|x86.Deploy.0 = Debug|Any CPU
		{19F52B91-4ABD-4033-99E7-E55D26DA0C45}.Release|Any CPU.ActiveCfg = Release|Any CPU
		{19F52B91-4ABD-4033-99E7-E55D26DA0C45}.Release|Any CPU.Build.0 = Release|Any CPU
		{19F52B91-4ABD-4033-99E7-E55D26DA0C45}.Release|Any CPU.Deploy.0 = Release|Any CPU
		{19F52B91-4ABD-4033-99E7-E55D26DA0C45}.Release|ARM.ActiveCfg = Release|Any CPU
		{19F52B91-4ABD-4033-99E7-E55D26DA0C45}.Release|ARM.Build.0 = Release|Any CPU
		{19F52B91-4ABD-4033-99E7-E55D26DA0C45}.Release|ARM.Deploy.0 = Release|Any CPU
		{19F52B91-4ABD-4033-99E7-E55D26DA0C45}.Release|iPhone.ActiveCfg = Release|Any CPU
		{19F52B91-4ABD-4033-99E7-E55D26DA0C45}.Release|iPhone.Build.0 = Release|Any CPU
		{19F52B91-4ABD-4033-99E7-E55D26DA0C45}.Release|iPhone.Deploy.0 = Release|Any CPU
		{19F52B91-4ABD-4033-99E7-E55D26DA0C45}.Release|iPhoneSimulator.ActiveCfg = Release|Any CPU
		{19F52B91-4ABD-4033-99E7-E55D26DA0C45}.Release|iPhoneSimulator.Build.0 = Release|Any CPU
		{19F52B91-4ABD-4033-99E7-E55D26DA0C45}.Release|iPhoneSimulator.Deploy.0 = Release|Any CPU
		{19F52B91-4ABD-4033-99E7-E55D26DA0C45}.Release|x64.ActiveCfg = Release|Any CPU
		{19F52B91-4ABD-4033-99E7-E55D26DA0C45}.Release|x64.Build.0 = Release|Any CPU
		{19F52B91-4ABD-4033-99E7-E55D26DA0C45}.Release|x64.Deploy.0 = Release|Any CPU
		{19F52B91-4ABD-4033-99E7-E55D26DA0C45}.Release|x86.ActiveCfg = Release|Any CPU
		{19F52B91-4ABD-4033-99E7-E55D26DA0C45}.Release|x86.Build.0 = Release|Any CPU
		{19F52B91-4ABD-4033-99E7-E55D26DA0C45}.Release|x86.Deploy.0 = Release|Any CPU
	EndGlobalSection
	GlobalSection(SolutionProperties) = preSolution
		HideSolutionNode = FALSE
	EndGlobalSection
	GlobalSection(ExtensibilityGlobals) = postSolution
		SolutionGuid = {9E3E5D0C-BD3A-4282-B2A3-188B88689000}
	EndGlobalSection
EndGlobal
