
Microsoft Visual Studio Solution File, Format Version 12.00
# Visual Studio 15
VisualStudioVersion = 15.0.28307.489
MinimumVisualStudioVersion = 10.0.40219.1
Project("{FAE04EC0-301F-11D3-BF4B-00C04F79EFBC}") = "LivePlayer.Android", "LivePlayer\LivePlayer.Android\LivePlayer.Android.csproj", "{B8EC5E4D-D70D-4DCE-87D0-A96189CECF2E}"
EndProject
Project("{FAE04EC0-301F-11D3-BF4B-00C04F79EFBC}") = "LivePlayer.iOS", "LivePlayer\LivePlayer.iOS\LivePlayer.iOS.csproj", "{4D4533F8-4E41-4184-8661-032BCB34B09C}"
EndProject
Project("{FAE04EC0-301F-11D3-BF4B-00C04F79EFBC}") = "LivePlayer.UWP", "LivePlayer\LivePlayer.UWP\LivePlayer.UWP.csproj", "{F2ED9835-CC8D-4669-899A-D25EC578FA99}"
EndProject
Project("{FAE04EC0-301F-11D3-BF4B-00C04F79EFBC}") = "LivePlayer", "LivePlayer\LivePlayer\LivePlayer.csproj", "{E77135E7-9488-4B9C-8237-AA5669CE53FC}"
EndProject
Global
	GlobalSection(SolutionConfigurationPlatforms) = preSolution
		Ad-Hoc|Any CPU = Ad-Hoc|Any CPU
		Ad-Hoc|ARM = Ad-Hoc|ARM
		Ad-Hoc|iPhone = Ad-Hoc|iPhone
		Ad-Hoc|iPhoneSimulator = Ad-Hoc|iPhoneSimulator
		Ad-Hoc|x64 = Ad-Hoc|x64
		Ad-Hoc|x86 = Ad-Hoc|x86
		AppStore|Any CPU = AppStore|Any CPU
		AppStore|ARM = AppStore|ARM
		AppStore|iPhone = AppStore|iPhone
		AppStore|iPhoneSimulator = AppStore|iPhoneSimulator
		AppStore|x64 = AppStore|x64
		AppStore|x86 = AppStore|x86
		Debug|Any CPU = Debug|Any CPU
		Debug|ARM = Debug|ARM
		Debug|iPhone = Debug|iPhone
		Debug|iPhoneSimulator = Debug|iPhoneSimulator
		Debug|x64 = Debug|x64
		Debug|x86 = Debug|x86
		Release|Any CPU = Release|Any CPU
		Release|ARM = Release|ARM
		Release|iPhone = Release|iPhone
		Release|iPhoneSimulator = Release|iPhoneSimulator
		Release|x64 = Release|x64
		Release|x86 = Release|x86
	EndGlobalSection
	GlobalSection(ProjectConfigurationPlatforms) = postSolution
		{B8EC5E4D-D70D-4DCE-87D0-A96189CECF2E}.Ad-Hoc|Any CPU.ActiveCfg = Release|Any CPU
		{B8EC5E4D-D70D-4DCE-87D0-A96189CECF2E}.Ad-Hoc|Any CPU.Build.0 = Release|Any CPU
		{B8EC5E4D-D70D-4DCE-87D0-A96189CECF2E}.Ad-Hoc|Any CPU.Deploy.0 = Release|Any CPU
		{B8EC5E4D-D70D-4DCE-87D0-A96189CECF2E}.Ad-Hoc|ARM.ActiveCfg = Release|Any CPU
		{B8EC5E4D-D70D-4DCE-87D0-A96189CECF2E}.Ad-Hoc|ARM.Build.0 = Release|Any CPU
		{B8EC5E4D-D70D-4DCE-87D0-A96189CECF2E}.Ad-Hoc|ARM.Deploy.0 = Release|Any CPU
		{B8EC5E4D-D70D-4DCE-87D0-A96189CECF2E}.Ad-Hoc|iPhone.ActiveCfg = Release|Any CPU
		{B8EC5E4D-D70D-4DCE-87D0-A96189CECF2E}.Ad-Hoc|iPhone.Build.0 = Release|Any CPU
		{B8EC5E4D-D70D-4DCE-87D0-A96189CECF2E}.Ad-Hoc|iPhone.Deploy.0 = Release|Any CPU
		{B8EC5E4D-D70D-4DCE-87D0-A96189CECF2E}.Ad-Hoc|iPhoneSimulator.ActiveCfg = Release|Any CPU
		{B8EC5E4D-D70D-4DCE-87D0-A96189CECF2E}.Ad-Hoc|iPhoneSimulator.Build.0 = Release|Any CPU
		{B8EC5E4D-D70D-4DCE-87D0-A96189CECF2E}.Ad-Hoc|iPhoneSimulator.Deploy.0 = Release|Any CPU
		{B8EC5E4D-D70D-4DCE-87D0-A96189CECF2E}.Ad-Hoc|x64.ActiveCfg = Release|Any CPU
		{B8EC5E4D-D70D-4DCE-87D0-A96189CECF2E}.Ad-Hoc|x64.Build.0 = Release|Any CPU
		{B8EC5E4D-D70D-4DCE-87D0-A96189CECF2E}.Ad-Hoc|x64.Deploy.0 = Release|Any CPU
		{B8EC5E4D-D70D-4DCE-87D0-A96189CECF2E}.Ad-Hoc|x86.ActiveCfg = Release|Any CPU
		{B8EC5E4D-D70D-4DCE-87D0-A96189CECF2E}.Ad-Hoc|x86.Build.0 = Release|Any CPU
		{B8EC5E4D-D70D-4DCE-87D0-A96189CECF2E}.Ad-Hoc|x86.Deploy.0 = Release|Any CPU
		{B8EC5E4D-D70D-4DCE-87D0-A96189CECF2E}.AppStore|Any CPU.ActiveCfg = Release|Any CPU
		{B8EC5E4D-D70D-4DCE-87D0-A96189CECF2E}.AppStore|Any CPU.Build.0 = Release|Any CPU
		{B8EC5E4D-D70D-4DCE-87D0-A96189CECF2E}.AppStore|Any CPU.Deploy.0 = Release|Any CPU
		{B8EC5E4D-D70D-4DCE-87D0-A96189CECF2E}.AppStore|ARM.ActiveCfg = Release|Any CPU
		{B8EC5E4D-D70D-4DCE-87D0-A96189CECF2E}.AppStore|ARM.Build.0 = Release|Any CPU
		{B8EC5E4D-D70D-4DCE-87D0-A96189CECF2E}.AppStore|ARM.Deploy.0 = Release|Any CPU
		{B8EC5E4D-D70D-4DCE-87D0-A96189CECF2E}.AppStore|iPhone.ActiveCfg = Release|Any CPU
		{B8EC5E4D-D70D-4DCE-87D0-A96189CECF2E}.AppStore|iPhone.Build.0 = Release|Any CPU
		{B8EC5E4D-D70D-4DCE-87D0-A96189CECF2E}.AppStore|iPhone.Deploy.0 = Release|Any CPU
		{B8EC5E4D-D70D-4DCE-87D0-A96189CECF2E}.AppStore|iPhoneSimulator.ActiveCfg = Release|Any CPU
		{B8EC5E4D-D70D-4DCE-87D0-A96189CECF2E}.AppStore|iPhoneSimulator.Build.0 = Release|Any CPU
		{B8EC5E4D-D70D-4DCE-87D0-A96189CECF2E}.AppStore|iPhoneSimulator.Deploy.0 = Release|Any CPU
		{B8EC5E4D-D70D-4DCE-87D0-A96189CECF2E}.AppStore|x64.ActiveCfg = Release|Any CPU
		{B8EC5E4D-D70D-4DCE-87D0-A96189CECF2E}.AppStore|x64.Build.0 = Release|Any CPU
		{B8EC5E4D-D70D-4DCE-87D0-A96189CECF2E}.AppStore|x64.Deploy.0 = Release|Any CPU
		{B8EC5E4D-D70D-4DCE-87D0-A96189CECF2E}.AppStore|x86.ActiveCfg = Release|Any CPU
		{B8EC5E4D-D70D-4DCE-87D0-A96189CECF2E}.AppStore|x86.Build.0 = Release|Any CPU
		{B8EC5E4D-D70D-4DCE-87D0-A96189CECF2E}.AppStore|x86.Deploy.0 = Release|Any CPU
		{B8EC5E4D-D70D-4DCE-87D0-A96189CECF2E}.Debug|Any CPU.ActiveCfg = Debug|Any CPU
		{B8EC5E4D-D70D-4DCE-87D0-A96189CECF2E}.Debug|Any CPU.Build.0 = Debug|Any CPU
		{B8EC5E4D-D70D-4DCE-87D0-A96189CECF2E}.Debug|Any CPU.Deploy.0 = Debug|Any CPU
		{B8EC5E4D-D70D-4DCE-87D0-A96189CECF2E}.Debug|ARM.ActiveCfg = Debug|Any CPU
		{B8EC5E4D-D70D-4DCE-87D0-A96189CECF2E}.Debug|ARM.Build.0 = Debug|Any CPU
		{B8EC5E4D-D70D-4DCE-87D0-A96189CECF2E}.Debug|ARM.Deploy.0 = Debug|Any CPU
		{B8EC5E4D-D70D-4DCE-87D0-A96189CECF2E}.Debug|iPhone.ActiveCfg = Debug|Any CPU
		{B8EC5E4D-D70D-4DCE-87D0-A96189CECF2E}.Debug|iPhone.Build.0 = Debug|Any CPU
		{B8EC5E4D-D70D-4DCE-87D0-A96189CECF2E}.Debug|iPhone.Deploy.0 = Debug|Any CPU
		{B8EC5E4D-D70D-4DCE-87D0-A96189CECF2E}.Debug|iPhoneSimulator.ActiveCfg = Debug|Any CPU
		{B8EC5E4D-D70D-4DCE-87D0-A96189CECF2E}.Debug|iPhoneSimulator.Build.0 = Debug|Any CPU
		{B8EC5E4D-D70D-4DCE-87D0-A96189CECF2E}.Debug|iPhoneSimulator.Deploy.0 = Debug|Any CPU
		{B8EC5E4D-D70D-4DCE-87D0-A96189CECF2E}.Debug|x64.ActiveCfg = Debug|Any CPU
		{B8EC5E4D-D70D-4DCE-87D0-A96189CECF2E}.Debug|x64.Build.0 = Debug|Any CPU
		{B8EC5E4D-D70D-4DCE-87D0-A96189CECF2E}.Debug|x64.Deploy.0 = Debug|Any CPU
		{B8EC5E4D-D70D-4DCE-87D0-A96189CECF2E}.Debug|x86.ActiveCfg = Debug|Any CPU
		{B8EC5E4D-D70D-4DCE-87D0-A96189CECF2E}.Debug|x86.Build.0 = Debug|Any CPU
		{B8EC5E4D-D70D-4DCE-87D0-A96189CECF2E}.Debug|x86.Deploy.0 = Debug|Any CPU
		{B8EC5E4D-D70D-4DCE-87D0-A96189CECF2E}.Release|Any CPU.ActiveCfg = Release|Any CPU
		{B8EC5E4D-D70D-4DCE-87D0-A96189CECF2E}.Release|Any CPU.Build.0 = Release|Any CPU
		{B8EC5E4D-D70D-4DCE-87D0-A96189CECF2E}.Release|Any CPU.Deploy.0 = Release|Any CPU
		{B8EC5E4D-D70D-4DCE-87D0-A96189CECF2E}.Release|ARM.ActiveCfg = Release|Any CPU
		{B8EC5E4D-D70D-4DCE-87D0-A96189CECF2E}.Release|ARM.Build.0 = Release|Any CPU
		{B8EC5E4D-D70D-4DCE-87D0-A96189CECF2E}.Release|ARM.Deploy.0 = Release|Any CPU
		{B8EC5E4D-D70D-4DCE-87D0-A96189CECF2E}.Release|iPhone.ActiveCfg = Release|Any CPU
		{B8EC5E4D-D70D-4DCE-87D0-A96189CECF2E}.Release|iPhone.Build.0 = Release|Any CPU
		{B8EC5E4D-D70D-4DCE-87D0-A96189CECF2E}.Release|iPhone.Deploy.0 = Release|Any CPU
		{B8EC5E4D-D70D-4DCE-87D0-A96189CECF2E}.Release|iPhoneSimulator.ActiveCfg = Release|Any CPU
		{B8EC5E4D-D70D-4DCE-87D0-A96189CECF2E}.Release|iPhoneSimulator.Build.0 = Release|Any CPU
		{B8EC5E4D-D70D-4DCE-87D0-A96189CECF2E}.Release|iPhoneSimulator.Deploy.0 = Release|Any CPU
		{B8EC5E4D-D70D-4DCE-87D0-A96189CECF2E}.Release|x64.ActiveCfg = Release|Any CPU
		{B8EC5E4D-D70D-4DCE-87D0-A96189CECF2E}.Release|x64.Build.0 = Release|Any CPU
		{B8EC5E4D-D70D-4DCE-87D0-A96189CECF2E}.Release|x64.Deploy.0 = Release|Any CPU
		{B8EC5E4D-D70D-4DCE-87D0-A96189CECF2E}.Release|x86.ActiveCfg = Release|Any CPU
		{B8EC5E4D-D70D-4DCE-87D0-A96189CECF2E}.Release|x86.Build.0 = Release|Any CPU
		{B8EC5E4D-D70D-4DCE-87D0-A96189CECF2E}.Release|x86.Deploy.0 = Release|Any CPU
		{4D4533F8-4E41-4184-8661-032BCB34B09C}.Ad-Hoc|Any CPU.ActiveCfg = Ad-Hoc|iPhone
		{4D4533F8-4E41-4184-8661-032BCB34B09C}.Ad-Hoc|Any CPU.Build.0 = Ad-Hoc|iPhone
		{4D4533F8-4E41-4184-8661-032BCB34B09C}.Ad-Hoc|Any CPU.Deploy.0 = Ad-Hoc|iPhone
		{4D4533F8-4E41-4184-8661-032BCB34B09C}.Ad-Hoc|ARM.ActiveCfg = Ad-Hoc|iPhone
		{4D4533F8-4E41-4184-8661-032BCB34B09C}.Ad-Hoc|ARM.Build.0 = Ad-Hoc|iPhone
		{4D4533F8-4E41-4184-8661-032BCB34B09C}.Ad-Hoc|ARM.Deploy.0 = Ad-Hoc|iPhone
		{4D4533F8-4E41-4184-8661-032BCB34B09C}.Ad-Hoc|iPhone.ActiveCfg = Ad-Hoc|iPhone
		{4D4533F8-4E41-4184-8661-032BCB34B09C}.Ad-Hoc|iPhone.Build.0 = Ad-Hoc|iPhone
		{4D4533F8-4E41-4184-8661-032BCB34B09C}.Ad-Hoc|iPhone.Deploy.0 = Ad-Hoc|iPhone
		{4D4533F8-4E41-4184-8661-032BCB34B09C}.Ad-Hoc|iPhoneSimulator.ActiveCfg = Ad-Hoc|iPhoneSimulator
		{4D4533F8-4E41-4184-8661-032BCB34B09C}.Ad-Hoc|iPhoneSimulator.Build.0 = Ad-Hoc|iPhoneSimulator
		{4D4533F8-4E41-4184-8661-032BCB34B09C}.Ad-Hoc|iPhoneSimulator.Deploy.0 = Ad-Hoc|iPhoneSimulator
		{4D4533F8-4E41-4184-8661-032BCB34B09C}.Ad-Hoc|x64.ActiveCfg = Ad-Hoc|iPhone
		{4D4533F8-4E41-4184-8661-032BCB34B09C}.Ad-Hoc|x64.Build.0 = Ad-Hoc|iPhone
		{4D4533F8-4E41-4184-8661-032BCB34B09C}.Ad-Hoc|x64.Deploy.0 = Ad-Hoc|iPhone
		{4D4533F8-4E41-4184-8661-032BCB34B09C}.Ad-Hoc|x86.ActiveCfg = Ad-Hoc|iPhone
		{4D4533F8-4E41-4184-8661-032BCB34B09C}.Ad-Hoc|x86.Build.0 = Ad-Hoc|iPhone
		{4D4533F8-4E41-4184-8661-032BCB34B09C}.Ad-Hoc|x86.Deploy.0 = Ad-Hoc|iPhone
		{4D4533F8-4E41-4184-8661-032BCB34B09C}.AppStore|Any CPU.ActiveCfg = AppStore|iPhone
		{4D4533F8-4E41-4184-8661-032BCB34B09C}.AppStore|Any CPU.Build.0 = AppStore|iPhone
		{4D4533F8-4E41-4184-8661-032BCB34B09C}.AppStore|Any CPU.Deploy.0 = AppStore|iPhone
		{4D4533F8-4E41-4184-8661-032BCB34B09C}.AppStore|ARM.ActiveCfg = AppStore|iPhone
		{4D4533F8-4E41-4184-8661-032BCB34B09C}.AppStore|ARM.Build.0 = AppStore|iPhone
		{4D4533F8-4E41-4184-8661-032BCB34B09C}.AppStore|ARM.Deploy.0 = AppStore|iPhone
		{4D4533F8-4E41-4184-8661-032BCB34B09C}.AppStore|iPhone.ActiveCfg = AppStore|iPhone
		{4D4533F8-4E41-4184-8661-032BCB34B09C}.AppStore|iPhone.Build.0 = AppStore|iPhone
		{4D4533F8-4E41-4184-8661-032BCB34B09C}.AppStore|iPhone.Deploy.0 = AppStore|iPhone
		{4D4533F8-4E41-4184-8661-032BCB34B09C}.AppStore|iPhoneSimulator.ActiveCfg = AppStore|iPhoneSimulator
		{4D4533F8-4E41-4184-8661-032BCB34B09C}.AppStore|iPhoneSimulator.Build.0 = AppStore|iPhoneSimulator
		{4D4533F8-4E41-4184-8661-032BCB34B09C}.AppStore|iPhoneSimulator.Deploy.0 = AppStore|iPhoneSimulator
		{4D4533F8-4E41-4184-8661-032BCB34B09C}.AppStore|x64.ActiveCfg = AppStore|iPhone
		{4D4533F8-4E41-4184-8661-032BCB34B09C}.AppStore|x64.Build.0 = AppStore|iPhone
		{4D4533F8-4E41-4184-8661-032BCB34B09C}.AppStore|x64.Deploy.0 = AppStore|iPhone
		{4D4533F8-4E41-4184-8661-032BCB34B09C}.AppStore|x86.ActiveCfg = AppStore|iPhone
		{4D4533F8-4E41-4184-8661-032BCB34B09C}.AppStore|x86.Build.0 = AppStore|iPhone
		{4D4533F8-4E41-4184-8661-032BCB34B09C}.AppStore|x86.Deploy.0 = AppStore|iPhone
		{4D4533F8-4E41-4184-8661-032BCB34B09C}.Debug|Any CPU.ActiveCfg = Debug|iPhoneSimulator
		{4D4533F8-4E41-4184-8661-032BCB34B09C}.Debug|Any CPU.Build.0 = Debug|iPhoneSimulator
		{4D4533F8-4E41-4184-8661-032BCB34B09C}.Debug|Any CPU.Deploy.0 = Debug|iPhoneSimulator
		{4D4533F8-4E41-4184-8661-032BCB34B09C}.Debug|ARM.ActiveCfg = Debug|iPhone
		{4D4533F8-4E41-4184-8661-032BCB34B09C}.Debug|ARM.Build.0 = Debug|iPhone
		{4D4533F8-4E41-4184-8661-032BCB34B09C}.Debug|ARM.Deploy.0 = Debug|iPhone
		{4D4533F8-4E41-4184-8661-032BCB34B09C}.Debug|iPhone.ActiveCfg = Debug|iPhone
		{4D4533F8-4E41-4184-8661-032BCB34B09C}.Debug|iPhone.Build.0 = Debug|iPhone
		{4D4533F8-4E41-4184-8661-032BCB34B09C}.Debug|iPhone.Deploy.0 = Debug|iPhone
		{4D4533F8-4E41-4184-8661-032BCB34B09C}.Debug|iPhoneSimulator.ActiveCfg = Debug|iPhoneSimulator
		{4D4533F8-4E41-4184-8661-032BCB34B09C}.Debug|iPhoneSimulator.Build.0 = Debug|iPhoneSimulator
		{4D4533F8-4E41-4184-8661-032BCB34B09C}.Debug|iPhoneSimulator.Deploy.0 = Debug|iPhoneSimulator
		{4D4533F8-4E41-4184-8661-032BCB34B09C}.Debug|x64.ActiveCfg = Debug|iPhone
		{4D4533F8-4E41-4184-8661-032BCB34B09C}.Debug|x64.Build.0 = Debug|iPhone
		{4D4533F8-4E41-4184-8661-032BCB34B09C}.Debug|x64.Deploy.0 = Debug|iPhone
		{4D4533F8-4E41-4184-8661-032BCB34B09C}.Debug|x86.ActiveCfg = Debug|iPhone
		{4D4533F8-4E41-4184-8661-032BCB34B09C}.Debug|x86.Build.0 = Debug|iPhone
		{4D4533F8-4E41-4184-8661-032BCB34B09C}.Debug|x86.Deploy.0 = Debug|iPhone
		{4D4533F8-4E41-4184-8661-032BCB34B09C}.Release|Any CPU.ActiveCfg = Release|iPhone
		{4D4533F8-4E41-4184-8661-032BCB34B09C}.Release|Any CPU.Build.0 = Release|iPhone
		{4D4533F8-4E41-4184-8661-032BCB34B09C}.Release|Any CPU.Deploy.0 = Release|iPhone
		{4D4533F8-4E41-4184-8661-032BCB34B09C}.Release|ARM.ActiveCfg = Release|iPhone
		{4D4533F8-4E41-4184-8661-032BCB34B09C}.Release|ARM.Build.0 = Release|iPhone
		{4D4533F8-4E41-4184-8661-032BCB34B09C}.Release|ARM.Deploy.0 = Release|iPhone
		{4D4533F8-4E41-4184-8661-032BCB34B09C}.Release|iPhone.ActiveCfg = Release|iPhone
		{4D4533F8-4E41-4184-8661-032BCB34B09C}.Release|iPhone.Build.0 = Release|iPhone
		{4D4533F8-4E41-4184-8661-032BCB34B09C}.Release|iPhone.Deploy.0 = Release|iPhone
		{4D4533F8-4E41-4184-8661-032BCB34B09C}.Release|iPhoneSimulator.ActiveCfg = Release|iPhoneSimulator
		{4D4533F8-4E41-4184-8661-032BCB34B09C}.Release|iPhoneSimulator.Build.0 = Release|iPhoneSimulator
		{4D4533F8-4E41-4184-8661-032BCB34B09C}.Release|iPhoneSimulator.Deploy.0 = Release|iPhoneSimulator
		{4D4533F8-4E41-4184-8661-032BCB34B09C}.Release|x64.ActiveCfg = Release|iPhone
		{4D4533F8-4E41-4184-8661-032BCB34B09C}.Release|x64.Build.0 = Release|iPhone
		{4D4533F8-4E41-4184-8661-032BCB34B09C}.Release|x64.Deploy.0 = Release|iPhone
		{4D4533F8-4E41-4184-8661-032BCB34B09C}.Release|x86.ActiveCfg = Release|iPhone
		{4D4533F8-4E41-4184-8661-032BCB34B09C}.Release|x86.Build.0 = Release|iPhone
		{4D4533F8-4E41-4184-8661-032BCB34B09C}.Release|x86.Deploy.0 = Release|iPhone
		{F2ED9835-CC8D-4669-899A-D25EC578FA99}.Ad-Hoc|Any CPU.ActiveCfg = Release|x86
		{F2ED9835-CC8D-4669-899A-D25EC578FA99}.Ad-Hoc|Any CPU.Build.0 = Release|x86
		{F2ED9835-CC8D-4669-899A-D25EC578FA99}.Ad-Hoc|Any CPU.Deploy.0 = Release|x86
		{F2ED9835-CC8D-4669-899A-D25EC578FA99}.Ad-Hoc|ARM.ActiveCfg = Release|ARM
		{F2ED9835-CC8D-4669-899A-D25EC578FA99}.Ad-Hoc|ARM.Build.0 = Release|ARM
		{F2ED9835-CC8D-4669-899A-D25EC578FA99}.Ad-Hoc|ARM.Deploy.0 = Release|ARM
		{F2ED9835-CC8D-4669-899A-D25EC578FA99}.Ad-Hoc|iPhone.ActiveCfg = Release|x86
		{F2ED9835-CC8D-4669-899A-D25EC578FA99}.Ad-Hoc|iPhone.Build.0 = Release|x86
		{F2ED9835-CC8D-4669-899A-D25EC578FA99}.Ad-Hoc|iPhone.Deploy.0 = Release|x86
		{F2ED9835-CC8D-4669-899A-D25EC578FA99}.Ad-Hoc|iPhoneSimulator.ActiveCfg = Release|x86
		{F2ED9835-CC8D-4669-899A-D25EC578FA99}.Ad-Hoc|iPhoneSimulator.Build.0 = Release|x86
		{F2ED9835-CC8D-4669-899A-D25EC578FA99}.Ad-Hoc|iPhoneSimulator.Deploy.0 = Release|x86
		{F2ED9835-CC8D-4669-899A-D25EC578FA99}.Ad-Hoc|x64.ActiveCfg = Release|x64
		{F2ED9835-CC8D-4669-899A-D25EC578FA99}.Ad-Hoc|x64.Build.0 = Release|x64
		{F2ED9835-CC8D-4669-899A-D25EC578FA99}.Ad-Hoc|x64.Deploy.0 = Release|x64
		{F2ED9835-CC8D-4669-899A-D25EC578FA99}.Ad-Hoc|x86.ActiveCfg = Release|x86
		{F2ED9835-CC8D-4669-899A-D25EC578FA99}.Ad-Hoc|x86.Build.0 = Release|x86
		{F2ED9835-CC8D-4669-899A-D25EC578FA99}.Ad-Hoc|x86.Deploy.0 = Release|x86
		{F2ED9835-CC8D-4669-899A-D25EC578FA99}.AppStore|Any CPU.ActiveCfg = Release|x86
		{F2ED9835-CC8D-4669-899A-D25EC578FA99}.AppStore|Any CPU.Build.0 = Release|x86
		{F2ED9835-CC8D-4669-899A-D25EC578FA99}.AppStore|Any CPU.Deploy.0 = Release|x86
		{F2ED9835-CC8D-4669-899A-D25EC578FA99}.AppStore|ARM.ActiveCfg = Release|ARM
		{F2ED9835-CC8D-4669-899A-D25EC578FA99}.AppStore|ARM.Build.0 = Release|ARM
		{F2ED9835-CC8D-4669-899A-D25EC578FA99}.AppStore|ARM.Deploy.0 = Release|ARM
		{F2ED9835-CC8D-4669-899A-D25EC578FA99}.AppStore|iPhone.ActiveCfg = Release|x86
		{F2ED9835-CC8D-4669-899A-D25EC578FA99}.AppStore|iPhone.Build.0 = Release|x86
		{F2ED9835-CC8D-4669-899A-D25EC578FA99}.AppStore|iPhone.Deploy.0 = Release|x86
		{F2ED9835-CC8D-4669-899A-D25EC578FA99}.AppStore|iPhoneSimulator.ActiveCfg = Release|x86
		{F2ED9835-CC8D-4669-899A-D25EC578FA99}.AppStore|iPhoneSimulator.Build.0 = Release|x86
		{F2ED9835-CC8D-4669-899A-D25EC578FA99}.AppStore|iPhoneSimulator.Deploy.0 = Release|x86
		{F2ED9835-CC8D-4669-899A-D25EC578FA99}.AppStore|x64.ActiveCfg = Release|x64
		{F2ED9835-CC8D-4669-899A-D25EC578FA99}.AppStore|x64.Build.0 = Release|x64
		{F2ED9835-CC8D-4669-899A-D25EC578FA99}.AppStore|x64.Deploy.0 = Release|x64
		{F2ED9835-CC8D-4669-899A-D25EC578FA99}.AppStore|x86.ActiveCfg = Release|x86
		{F2ED9835-CC8D-4669-899A-D25EC578FA99}.AppStore|x86.Build.0 = Release|x86
		{F2ED9835-CC8D-4669-899A-D25EC578FA99}.AppStore|x86.Deploy.0 = Release|x86
		{F2ED9835-CC8D-4669-899A-D25EC578FA99}.Debug|Any CPU.ActiveCfg = Debug|x86
		{F2ED9835-CC8D-4669-899A-D25EC578FA99}.Debug|Any CPU.Build.0 = Debug|x86
		{F2ED9835-CC8D-4669-899A-D25EC578FA99}.Debug|Any CPU.Deploy.0 = Debug|x86
		{F2ED9835-CC8D-4669-899A-D25EC578FA99}.Debug|ARM.ActiveCfg = Debug|ARM
		{F2ED9835-CC8D-4669-899A-D25EC578FA99}.Debug|ARM.Build.0 = Debug|ARM
		{F2ED9835-CC8D-4669-899A-D25EC578FA99}.Debug|ARM.Deploy.0 = Debug|ARM
		{F2ED9835-CC8D-4669-899A-D25EC578FA99}.Debug|iPhone.ActiveCfg = Debug|x86
		{F2ED9835-CC8D-4669-899A-D25EC578FA99}.Debug|iPhone.Build.0 = Debug|x86
		{F2ED9835-CC8D-4669-899A-D25EC578FA99}.Debug|iPhone.Deploy.0 = Debug|x86
		{F2ED9835-CC8D-4669-899A-D25EC578FA99}.Debug|iPhoneSimulator.ActiveCfg = Debug|x86
		{F2ED9835-CC8D-4669-899A-D25EC578FA99}.Debug|iPhoneSimulator.Build.0 = Debug|x86
		{F2ED9835-CC8D-4669-899A-D25EC578FA99}.Debug|iPhoneSimulator.Deploy.0 = Debug|x86
		{F2ED9835-CC8D-4669-899A-D25EC578FA99}.Debug|x64.ActiveCfg = Debug|x64
		{F2ED9835-CC8D-4669-899A-D25EC578FA99}.Debug|x64.Build.0 = Debug|x64
		{F2ED9835-CC8D-4669-899A-D25EC578FA99}.Debug|x64.Deploy.0 = Debug|x64
		{F2ED9835-CC8D-4669-899A-D25EC578FA99}.Debug|x86.ActiveCfg = Debug|x86
		{F2ED9835-CC8D-4669-899A-D25EC578FA99}.Debug|x86.Build.0 = Debug|x86
		{F2ED9835-CC8D-4669-899A-D25EC578FA99}.Debug|x86.Deploy.0 = Debug|x86
		{F2ED9835-CC8D-4669-899A-D25EC578FA99}.Release|Any CPU.ActiveCfg = Release|x86
		{F2ED9835-CC8D-4669-899A-D25EC578FA99}.Release|Any CPU.Build.0 = Release|x86
		{F2ED9835-CC8D-4669-899A-D25EC578FA99}.Release|Any CPU.Deploy.0 = Release|x86
		{F2ED9835-CC8D-4669-899A-D25EC578FA99}.Release|ARM.ActiveCfg = Release|ARM
		{F2ED9835-CC8D-4669-899A-D25EC578FA99}.Release|ARM.Build.0 = Release|ARM
		{F2ED9835-CC8D-4669-899A-D25EC578FA99}.Release|ARM.Deploy.0 = Release|ARM
		{F2ED9835-CC8D-4669-899A-D25EC578FA99}.Release|iPhone.ActiveCfg = Release|x86
		{F2ED9835-CC8D-4669-899A-D25EC578FA99}.Release|iPhone.Build.0 = Release|x86
		{F2ED9835-CC8D-4669-899A-D25EC578FA99}.Release|iPhone.Deploy.0 = Release|x86
		{F2ED9835-CC8D-4669-899A-D25EC578FA99}.Release|iPhoneSimulator.ActiveCfg = Release|x86
		{F2ED9835-CC8D-4669-899A-D25EC578FA99}.Release|iPhoneSimulator.Build.0 = Release|x86
		{F2ED9835-CC8D-4669-899A-D25EC578FA99}.Release|iPhoneSimulator.Deploy.0 = Release|x86
		{F2ED9835-CC8D-4669-899A-D25EC578FA99}.Release|x64.ActiveCfg = Release|x64
		{F2ED9835-CC8D-4669-899A-D25EC578FA99}.Release|x64.Build.0 = Release|x64
		{F2ED9835-CC8D-4669-899A-D25EC578FA99}.Release|x64.Deploy.0 = Release|x64
		{F2ED9835-CC8D-4669-899A-D25EC578FA99}.Release|x86.ActiveCfg = Release|x86
		{F2ED9835-CC8D-4669-899A-D25EC578FA99}.Release|x86.Build.0 = Release|x86
		{F2ED9835-CC8D-4669-899A-D25EC578FA99}.Release|x86.Deploy.0 = Release|x86
		{E77135E7-9488-4B9C-8237-AA5669CE53FC}.Ad-Hoc|Any CPU.ActiveCfg = Debug|Any CPU
		{E77135E7-9488-4B9C-8237-AA5669CE53FC}.Ad-Hoc|Any CPU.Build.0 = Debug|Any CPU
		{E77135E7-9488-4B9C-8237-AA5669CE53FC}.Ad-Hoc|Any CPU.Deploy.0 = Debug|Any CPU
		{E77135E7-9488-4B9C-8237-AA5669CE53FC}.Ad-Hoc|ARM.ActiveCfg = Debug|Any CPU
		{E77135E7-9488-4B9C-8237-AA5669CE53FC}.Ad-Hoc|ARM.Build.0 = Debug|Any CPU
		{E77135E7-9488-4B9C-8237-AA5669CE53FC}.Ad-Hoc|ARM.Deploy.0 = Debug|Any CPU
		{E77135E7-9488-4B9C-8237-AA5669CE53FC}.Ad-Hoc|iPhone.ActiveCfg = Debug|Any CPU
		{E77135E7-9488-4B9C-8237-AA5669CE53FC}.Ad-Hoc|iPhone.Build.0 = Debug|Any CPU
		{E77135E7-9488-4B9C-8237-AA5669CE53FC}.Ad-Hoc|iPhone.Deploy.0 = Debug|Any CPU
		{E77135E7-9488-4B9C-8237-AA5669CE53FC}.Ad-Hoc|iPhoneSimulator.ActiveCfg = Debug|Any CPU
		{E77135E7-9488-4B9C-8237-AA5669CE53FC}.Ad-Hoc|iPhoneSimulator.Build.0 = Debug|Any CPU
		{E77135E7-9488-4B9C-8237-AA5669CE53FC}.Ad-Hoc|iPhoneSimulator.Deploy.0 = Debug|Any CPU
		{E77135E7-9488-4B9C-8237-AA5669CE53FC}.Ad-Hoc|x64.ActiveCfg = Debug|Any CPU
		{E77135E7-9488-4B9C-8237-AA5669CE53FC}.Ad-Hoc|x64.Build.0 = Debug|Any CPU
		{E77135E7-9488-4B9C-8237-AA5669CE53FC}.Ad-Hoc|x64.Deploy.0 = Debug|Any CPU
		{E77135E7-9488-4B9C-8237-AA5669CE53FC}.Ad-Hoc|x86.ActiveCfg = Debug|Any CPU
		{E77135E7-9488-4B9C-8237-AA5669CE53FC}.Ad-Hoc|x86.Build.0 = Debug|Any CPU
		{E77135E7-9488-4B9C-8237-AA5669CE53FC}.Ad-Hoc|x86.Deploy.0 = Debug|Any CPU
		{E77135E7-9488-4B9C-8237-AA5669CE53FC}.AppStore|Any CPU.ActiveCfg = Debug|Any CPU
		{E77135E7-9488-4B9C-8237-AA5669CE53FC}.AppStore|Any CPU.Build.0 = Debug|Any CPU
		{E77135E7-9488-4B9C-8237-AA5669CE53FC}.AppStore|Any CPU.Deploy.0 = Debug|Any CPU
		{E77135E7-9488-4B9C-8237-AA5669CE53FC}.AppStore|ARM.ActiveCfg = Debug|Any CPU
		{E77135E7-9488-4B9C-8237-AA5669CE53FC}.AppStore|ARM.Build.0 = Debug|Any CPU
		{E77135E7-9488-4B9C-8237-AA5669CE53FC}.AppStore|ARM.Deploy.0 = Debug|Any CPU
		{E77135E7-9488-4B9C-8237-AA5669CE53FC}.AppStore|iPhone.ActiveCfg = Debug|Any CPU
		{E77135E7-9488-4B9C-8237-AA5669CE53FC}.AppStore|iPhone.Build.0 = Debug|Any CPU
		{E77135E7-9488-4B9C-8237-AA5669CE53FC}.AppStore|iPhone.Deploy.0 = Debug|Any CPU
		{E77135E7-9488-4B9C-8237-AA5669CE53FC}.AppStore|iPhoneSimulator.ActiveCfg = Debug|Any CPU
		{E77135E7-9488-4B9C-8237-AA5669CE53FC}.AppStore|iPhoneSimulator.Build.0 = Debug|Any CPU
		{E77135E7-9488-4B9C-8237-AA5669CE53FC}.AppStore|iPhoneSimulator.Deploy.0 = Debug|Any CPU
		{E77135E7-9488-4B9C-8237-AA5669CE53FC}.AppStore|x64.ActiveCfg = Debug|Any CPU
		{E77135E7-9488-4B9C-8237-AA5669CE53FC}.AppStore|x64.Build.0 = Debug|Any CPU
		{E77135E7-9488-4B9C-8237-AA5669CE53FC}.AppStore|x64.Deploy.0 = Debug|Any CPU
		{E77135E7-9488-4B9C-8237-AA5669CE53FC}.AppStore|x86.ActiveCfg = Debug|Any CPU
		{E77135E7-9488-4B9C-8237-AA5669CE53FC}.AppStore|x86.Build.0 = Debug|Any CPU
		{E77135E7-9488-4B9C-8237-AA5669CE53FC}.AppStore|x86.Deploy.0 = Debug|Any CPU
		{E77135E7-9488-4B9C-8237-AA5669CE53FC}.Debug|Any CPU.ActiveCfg = Debug|Any CPU
		{E77135E7-9488-4B9C-8237-AA5669CE53FC}.Debug|Any CPU.Build.0 = Debug|Any CPU
		{E77135E7-9488-4B9C-8237-AA5669CE53FC}.Debug|Any CPU.Deploy.0 = Debug|Any CPU
		{E77135E7-9488-4B9C-8237-AA5669CE53FC}.Debug|ARM.ActiveCfg = Debug|Any CPU
		{E77135E7-9488-4B9C-8237-AA5669CE53FC}.Debug|ARM.Build.0 = Debug|Any CPU
		{E77135E7-9488-4B9C-8237-AA5669CE53FC}.Debug|ARM.Deploy.0 = Debug|Any CPU
		{E77135E7-9488-4B9C-8237-AA5669CE53FC}.Debug|iPhone.ActiveCfg = Debug|Any CPU
		{E77135E7-9488-4B9C-8237-AA5669CE53FC}.Debug|iPhone.Build.0 = Debug|Any CPU
		{E77135E7-9488-4B9C-8237-AA5669CE53FC}.Debug|iPhone.Deploy.0 = Debug|Any CPU
		{E77135E7-9488-4B9C-8237-AA5669CE53FC}.Debug|iPhoneSimulator.ActiveCfg = Debug|Any CPU
		{E77135E7-9488-4B9C-8237-AA5669CE53FC}.Debug|iPhoneSimulator.Build.0 = Debug|Any CPU
		{E77135E7-9488-4B9C-8237-AA5669CE53FC}.Debug|iPhoneSimulator.Deploy.0 = Debug|Any CPU
		{E77135E7-9488-4B9C-8237-AA5669CE53FC}.Debug|x64.ActiveCfg = Debug|Any CPU
		{E77135E7-9488-4B9C-8237-AA5669CE53FC}.Debug|x64.Build.0 = Debug|Any CPU
		{E77135E7-9488-4B9C-8237-AA5669CE53FC}.Debug|x64.Deploy.0 = Debug|Any CPU
		{E77135E7-9488-4B9C-8237-AA5669CE53FC}.Debug|x86.ActiveCfg = Debug|Any CPU
		{E77135E7-9488-4B9C-8237-AA5669CE53FC}.Debug|x86.Build.0 = Debug|Any CPU
		{E77135E7-9488-4B9C-8237-AA5669CE53FC}.Debug|x86.Deploy.0 = Debug|Any CPU
		{E77135E7-9488-4B9C-8237-AA5669CE53FC}.Release|Any CPU.ActiveCfg = Release|Any CPU
		{E77135E7-9488-4B9C-8237-AA5669CE53FC}.Release|Any CPU.Build.0 = Release|Any CPU
		{E77135E7-9488-4B9C-8237-AA5669CE53FC}.Release|Any CPU.Deploy.0 = Release|Any CPU
		{E77135E7-9488-4B9C-8237-AA5669CE53FC}.Release|ARM.ActiveCfg = Release|Any CPU
		{E77135E7-9488-4B9C-8237-AA5669CE53FC}.Release|ARM.Build.0 = Release|Any CPU
		{E77135E7-9488-4B9C-8237-AA5669CE53FC}.Release|ARM.Deploy.0 = Release|Any CPU
		{E77135E7-9488-4B9C-8237-AA5669CE53FC}.Release|iPhone.ActiveCfg = Release|Any CPU
		{E77135E7-9488-4B9C-8237-AA5669CE53FC}.Release|iPhone.Build.0 = Release|Any CPU
		{E77135E7-9488-4B9C-8237-AA5669CE53FC}.Release|iPhone.Deploy.0 = Release|Any CPU
		{E77135E7-9488-4B9C-8237-AA5669CE53FC}.Release|iPhoneSimulator.ActiveCfg = Release|Any CPU
		{E77135E7-9488-4B9C-8237-AA5669CE53FC}.Release|iPhoneSimulator.Build.0 = Release|Any CPU
		{E77135E7-9488-4B9C-8237-AA5669CE53FC}.Release|iPhoneSimulator.Deploy.0 = Release|Any CPU
		{E77135E7-9488-4B9C-8237-AA5669CE53FC}.Release|x64.ActiveCfg = Release|Any CPU
		{E77135E7-9488-4B9C-8237-AA5669CE53FC}.Release|x64.Build.0 = Release|Any CPU
		{E77135E7-9488-4B9C-8237-AA5669CE53FC}.Release|x64.Deploy.0 = Release|Any CPU
		{E77135E7-9488-4B9C-8237-AA5669CE53FC}.Release|x86.ActiveCfg = Release|Any CPU
		{E77135E7-9488-4B9C-8237-AA5669CE53FC}.Release|x86.Build.0 = Release|Any CPU
		{E77135E7-9488-4B9C-8237-AA5669CE53FC}.Release|x86.Deploy.0 = Release|Any CPU
	EndGlobalSection
	GlobalSection(SolutionProperties) = preSolution
		HideSolutionNode = FALSE
	EndGlobalSection
	GlobalSection(ExtensibilityGlobals) = postSolution
		SolutionGuid = {6E380405-8ADD-4BCF-945D-FB03244A215F}
	EndGlobalSection
EndGlobal
